// !$*UTF8*$!
{
	archiveVersion = 1;
	classes = {
	};
	objectVersion = 48;
	objects = {

/* Begin PBXBuildFile section */
		FCE454F71F8C57B70069471B /* AppDelegate.swift in Sources */ = {isa = PBXBuildFile; fileRef = FCE454F61F8C57B70069471B /* AppDelegate.swift */; };
		FCE454F91F8C57B70069471B /* ViewController.swift in Sources */ = {isa = PBXBuildFile; fileRef = FCE454F81F8C57B70069471B /* ViewController.swift */; };
		FCE454FC1F8C57B70069471B /* Main.storyboard in Resources */ = {isa = PBXBuildFile; fileRef = FCE454FA1F8C57B70069471B /* Main.storyboard */; };
		FCE454FE1F8C57B70069471B /* Assets.xcassets in Resources */ = {isa = PBXBuildFile; fileRef = FCE454FD1F8C57B70069471B /* Assets.xcassets */; };
		FCE455011F8C57B70069471B /* LaunchScreen.storyboard in Resources */ = {isa = PBXBuildFile; fileRef = FCE454FF1F8C57B70069471B /* LaunchScreen.storyboard */; };
		FCE455091F8C646B0069471B /* BMW-i8_ModelCard.png in Resources */ = {isa = PBXBuildFile; fileRef = FCE455081F8C64680069471B /* BMW-i8_ModelCard.png */; };
/* End PBXBuildFile section */

/* Begin PBXFileReference section */
		FCE454F31F8C57B70069471B /* xcode9SampleUI.app */ = {isa = PBXFileReference; explicitFileType = wrapper.application; includeInIndex = 0; path = xcode9SampleUI.app; sourceTree = BUILT_PRODUCTS_DIR; };
		FCE454F61F8C57B70069471B /* AppDelegate.swift */ = {isa = PBXFileReference; lastKnownFileType = sourcecode.swift; path = AppDelegate.swift; sourceTree = "<group>"; };
		FCE454F81F8C57B70069471B /* ViewController.swift */ = {isa = PBXFileReference; lastKnownFileType = sourcecode.swift; path = ViewController.swift; sourceTree = "<group>"; };
		FCE454FB1F8C57B70069471B /* Base */ = {isa = PBXFileReference; lastKnownFileType = file.storyboard; name = Base; path = Base.lproj/Main.storyboard; sourceTree = "<group>"; };
		FCE454FD1F8C57B70069471B /* Assets.xcassets */ = {isa = PBXFileReference; lastKnownFileType = folder.assetcatalog; path = Assets.xcassets; sourceTree = "<group>"; };
		FCE455001F8C57B70069471B /* Base */ = {isa = PBXFileReference; lastKnownFileType = file.storyboard; name = Base; path = Base.lproj/LaunchScreen.storyboard; sourceTree = "<group>"; };
		FCE455021F8C57B70069471B /* Info.plist */ = {isa = PBXFileReference; lastKnownFileType = text.plist.xml; path = Info.plist; sourceTree = "<group>"; };
		FCE455081F8C64680069471B /* BMW-i8_ModelCard.png */ = {isa = PBXFileReference; lastKnownFileType = image.png; path = "BMW-i8_ModelCard.png"; sourceTree = "<group>"; };
/* End PBXFileReference section */

/* Begin PBXFrameworksBuildPhase section */
		FCE454F01F8C57B70069471B /* Frameworks */ = {
			isa = PBXFrameworksBuildPhase;
			buildActionMask = 2147483647;
			files = (
			);
			runOnlyForDeploymentPostprocessing = 0;
		};
/* End PBXFrameworksBuildPhase section */

/* Begin PBXGroup section */
		FCE454EA1F8C57B70069471B = {
			isa = PBXGroup;
			children = (
				FCE454F51F8C57B70069471B /* xcode9SampleUI */,
				FCE454F41F8C57B70069471B /* Products */,
			);
			sourceTree = "<group>";
		};
		FCE454F41F8C57B70069471B /* Products */ = {
			isa = PBXGroup;
			children = (
				FCE454F31F8C57B70069471B /* xcode9SampleUI.app */,
			);
			name = Products;
			sourceTree = "<group>";
		};
		FCE454F51F8C57B70069471B /* xcode9SampleUI */ = {
			isa = PBXGroup;
			children = (
				FCE454F61F8C57B70069471B /* AppDelegate.swift */,
				FCE454F81F8C57B70069471B /* ViewController.swift */,
				FCE454FA1F8C57B70069471B /* Main.storyboard */,
				FCE454FD1F8C57B70069471B /* Assets.xcassets */,
				FCE454FF1F8C57B70069471B /* LaunchScreen.storyboard */,
				FCE455081F8C64680069471B /* BMW-i8_ModelCard.png */,
				FCE455021F8C57B70069471B /* Info.plist */,
			);
			path = xcode9SampleUI;
			sourceTree = "<group>";
		};
/* End PBXGroup section */

/* Begin PBXNativeTarget section */
		FCE454F21F8C57B70069471B /* xcode9SampleUI */ = {
			isa = PBXNativeTarget;
			buildConfigurationList = FCE455051F8C57B70069471B /* Build configuration list for PBXNativeTarget "xcode9SampleUI" */;
			buildPhases = (
				FCE454EF1F8C57B70069471B /* Sources */,
				FCE454F01F8C57B70069471B /* Frameworks */,
				FCE454F11F8C57B70069471B /* Resources */,
			);
			buildRules = (
			);
			dependencies = (
			);
			name = xcode9SampleUI;
			productName = xcode9SampleUI;
			productReference = FCE454F31F8C57B70069471B /* xcode9SampleUI.app */;
			productType = "com.apple.product-type.application";
		};
/* End PBXNativeTarget section */

/* Begin PBXProject section */
		FCE454EB1F8C57B70069471B /* Project object */ = {
			isa = PBXProject;
			attributes = {
				LastSwiftUpdateCheck = 0900;
				LastUpgradeCheck = 0900;
				ORGANIZATIONNAME = "Samuel K";
				TargetAttributes = {
					FCE454F21F8C57B70069471B = {
						CreatedOnToolsVersion = 9.0;
						ProvisioningStyle = Automatic;
					};
				};
			};
			buildConfigurationList = FCE454EE1F8C57B70069471B /* Build configuration list for PBXProject "xcode9SampleUI" */;
			compatibilityVersion = "Xcode 8.0";
			developmentRegion = en;
			hasScannedForEncodings = 0;
			knownRegions = (
				en,
				Base,
			);
			mainGroup = FCE454EA1F8C57B70069471B;
			productRefGroup = FCE454F41F8C57B70069471B /* Products */;
			projectDirPath = "";
			projectRoot = "";
			targets = (
				FCE454F21F8C57B70069471B /* xcode9SampleUI */,
			);
		};
/* End PBXProject section */

/* Begin PBXResourcesBuildPhase section */
		FCE454F11F8C57B70069471B /* Resources */ = {
			isa = PBXResourcesBuildPhase;
			buildActionMask = 2147483647;
			files = (
				FCE455011F8C57B70069471B /* LaunchScreen.storyboard in Resources */,
				FCE455091F8C646B0069471B /* BMW-i8_ModelCard.png in Resources */,
				FCE454FE1F8C57B70069471B /* Assets.xcassets in Resources */,
				FCE454FC1F8C57B70069471B /* Main.storyboard in Resources */,
			);
			runOnlyForDeploymentPostprocessing = 0;
		};
/* End PBXResourcesBuildPhase section */

/* Begin PBXSourcesBuildPhase section */
		FCE454EF1F8C57B70069471B /* Sources */ = {
			isa = PBXSourcesBuildPhase;
			buildActionMask = 2147483647;
			files = (
				FCE454F91F8C57B70069471B /* ViewController.swift in Sources */,
				FCE454F71F8C57B70069471B /* AppDelegate.swift in Sources */,
			);
			runOnlyForDeploymentPostprocessing = 0;
		};
/* End PBXSourcesBuildPhase section */

/* Begin PBXVariantGroup section */
		FCE454FA1F8C57B70069471B /* Main.storyboard */ = {
			isa = PBXVariantGroup;
			children = (
				FCE454FB1F8C57B70069471B /* Base */,
			);
			name = Main.storyboard;
			sourceTree = "<group>";
		};
		FCE454FF1F8C57B70069471B /* LaunchScreen.storyboard */ = {
			isa = PBXVariantGroup;
			children = (
				FCE455001F8C57B70069471B /* Base */,
			);
			name = LaunchScreen.storyboard;
			sourceTree = "<group>";
		};
/* End PBXVariantGroup section */

/* Begin XCBuildConfiguration section */
		FCE455031F8C57B70069471B /* Debug */ = {
			isa = XCBuildConfiguration;
			buildSettings = {
				ALWAYS_SEARCH_USER_PATHS = NO;
				CLANG_ANALYZER_NONNULL = YES;
				CLANG_ANALYZER_NUMBER_OBJECT_CONVERSION = YES_AGGRESSIVE;
				CLANG_CXX_LANGUAGE_STANDARD = "gnu++14";
				CLANG_CXX_LIBRARY = "libc++";
				CLANG_ENABLE_MODULES = YES;
				CLANG_ENABLE_OBJC_ARC = YES;
				CLANG_WARN_BLOCK_CAPTURE_AUTORELEASING = YES;
				CLANG_WARN_BOOL_CONVERSION = YES;
				CLANG_WARN_COMMA = YES;
				CLANG_WARN_CONSTANT_CONVERSION = YES;
				CLANG_WARN_DIRECT_OBJC_ISA_USAGE = YES_ERROR;
				CLANG_WARN_DOCUMENTATION_COMMENTS = YES;
				CLANG_WARN_EMPTY_BODY = YES;
				CLANG_WARN_ENUM_CONVERSION = YES;
				CLANG_WARN_INFINITE_RECURSION = YES;
				CLANG_WARN_INT_CONVERSION = YES;
				CLANG_WARN_NON_LITERAL_NULL_CONVERSION = YES;
				CLANG_WARN_OBJC_LITERAL_CONVERSION = YES;
				CLANG_WARN_OBJC_ROOT_CLASS = YES_ERROR;
				CLANG_WARN_RANGE_LOOP_ANALYSIS = YES;
				CLANG_WARN_STRICT_PROTOTYPES = YES;
				CLANG_WARN_SUSPICIOUS_MOVE = YES;
				CLANG_WARN_UNGUARDED_AVAILABILITY = YES_AGGRESSIVE;
				CLANG_WARN_UNREACHABLE_CODE = YES;
				CLANG_WARN__DUPLICATE_METHOD_MATCH = YES;
				CODE_SIGN_IDENTITY = "iPhone Developer";
				COPY_PHASE_STRIP = NO;
				DEBUG_INFORMATION_FORMAT = dwarf;
				ENABLE_STRICT_OBJC_MSGSEND = YES;
				ENABLE_TESTABILITY = YES;
				GCC_C_LANGUAGE_STANDARD = gnu11;
				GCC_DYNAMIC_NO_PIC = NO;
				GCC_NO_COMMON_BLOCKS = YES;
				GCC_OPTIMIZATION_LEVEL = 0;
				GCC_PREPROCESSOR_DEFINITIONS = (
					"DEBUG=1",
					"$(inherited)",
				);
				GCC_WARN_64_TO_32_BIT_CONVERSION = YES;
				GCC_WARN_ABOUT_RETURN_TYPE = YES_ERROR;
				GCC_WARN_UNDECLARED_SELECTOR = YES;
				GCC_WARN_UNINITIALIZED_AUTOS = YES_AGGRESSIVE;
				GCC_WARN_UNUSED_FUNCTION = YES;
				GCC_WARN_UNUSED_VARIABLE = YES;
				IPHONEOS_DEPLOYMENT_TARGET = 11.0;
				MTL_ENABLE_DEBUG_INFO = YES;
				ONLY_ACTIVE_ARCH = YES;
				SDKROOT = iphoneos;
				SWIFT_ACTIVE_COMPILATION_CONDITIONS = DEBUG;
				SWIFT_OPTIMIZATION_LEVEL = "-Onone";
			};
			name = Debug;
		};
		FCE455041F8C57B70069471B /* Release */ = {
			isa = XCBuildConfiguration;
			buildSettings = {
				ALWAYS_SEARCH_USER_PATHS = NO;
				CLANG_ANALYZER_NONNULL = YES;
				CLANG_ANALYZER_NUMBER_OBJECT_CONVERSION = YES_AGGRESSIVE;
				CLANG_CXX_LANGUAGE_STANDARD = "gnu++14";
				CLANG_CXX_LIBRARY = "libc++";
				CLANG_ENABLE_MODULES = YES;
				CLANG_ENABLE_OBJC_ARC = YES;
				CLANG_WARN_BLOCK_CAPTURE_AUTORELEASING = YES;
				CLANG_WARN_BOOL_CONVERSION = YES;
				CLANG_WARN_COMMA = YES;
				CLANG_WARN_CONSTANT_CONVERSION = YES;
				CLANG_WARN_DIRECT_OBJC_ISA_USAGE = YES_ERROR;
				CLANG_WARN_DOCUMENTATION_COMMENTS = YES;
				CLANG_WARN_EMPTY_BODY = YES;
				CLANG_WARN_ENUM_CONVERSION = YES;
				CLANG_WARN_INFINITE_RECURSION = YES;
				CLANG_WARN_INT_CONVERSION = YES;
				CLANG_WARN_NON_LITERAL_NULL_CONVERSION = YES;
				CLANG_WARN_OBJC_LITERAL_CONVERSION = YES;
				CLANG_WARN_OBJC_ROOT_CLASS = YES_ERROR;
				CLANG_WARN_RANGE_LOOP_ANALYSIS = YES;
				CLANG_WARN_STRICT_PROTOTYPES = YES;
				CLANG_WARN_SUSPICIOUS_MOVE = YES;
				CLANG_WARN_UNGUARDED_AVAILABILITY = YES_AGGRESSIVE;
				CLANG_WARN_UNREACHABLE_CODE = YES;
				CLANG_WARN__DUPLICATE_METHOD_MATCH = YES;
				CODE_SIGN_IDENTITY = "iPhone Developer";
				COPY_PHASE_STRIP = NO;
				DEBUG_INFORMATION_FORMAT = "dwarf-with-dsym";
				ENABLE_NS_ASSERTIONS = NO;
				ENABLE_STRICT_OBJC_MSGSEND = YES;
				GCC_C_LANGUAGE_STANDARD = gnu11;
				GCC_NO_COMMON_BLOCKS = YES;
				GCC_WARN_64_TO_32_BIT_CONVERSION = YES;
				GCC_WARN_ABOUT_RETURN_TYPE = YES_ERROR;
				GCC_WARN_UNDECLARED_SELECTOR = YES;
				GCC_WARN_UNINITIALIZED_AUTOS = YES_AGGRESSIVE;
				GCC_WARN_UNUSED_FUNCTION = YES;
				GCC_WARN_UNUSED_VARIABLE = YES;
				IPHONEOS_DEPLOYMENT_TARGET = 11.0;
				MTL_ENABLE_DEBUG_INFO = NO;
				SDKROOT = iphoneos;
				SWIFT_OPTIMIZATION_LEVEL = "-Owholemodule";
				VALIDATE_PRODUCT = YES;
			};
			name = Release;
		};
		FCE455061F8C57B70069471B /* Debug */ = {
			isa = XCBuildConfiguration;
			buildSettings = {
				ASSETCATALOG_COMPILER_APPICON_NAME = AppIcon;
				CODE_SIGN_STYLE = Automatic;
				INFOPLIST_FILE = xcode9SampleUI/Info.plist;
				LD_RUNPATH_SEARCH_PATHS = "$(inherited) @executable_path/Frameworks";
				PRODUCT_BUNDLE_IDENTIFIER = com.SamuelK.xcode9SampleUI;
				PRODUCT_NAME = "$(TARGET_NAME)";
				SWIFT_VERSION = 4.0;
				TARGETED_DEVICE_FAMILY = "1,2";
			};
			name = Debug;
		};
		FCE455071F8C57B70069471B /* Release */ = {
			isa = XCBuildConfiguration;
			buildSettings = {
				ASSETCATALOG_COMPILER_APPICON_NAME = AppIcon;
				CODE_SIGN_STYLE = Automatic;
				INFOPLIST_FILE = xcode9SampleUI/Info.plist;
				LD_RUNPATH_SEARCH_PATHS = "$(inherited) @executable_path/Frameworks";
				PRODUCT_BUNDLE_IDENTIFIER = com.SamuelK.xcode9SampleUI;
				PRODUCT_NAME = "$(TARGET_NAME)";
				SWIFT_VERSION = 4.0;
				TARGETED_DEVICE_FAMILY = "1,2";
			};
			name = Release;
		};
/* End XCBuildConfiguration section */

/* Begin XCConfigurationList section */
		FCE454EE1F8C57B70069471B /* Build configuration list for PBXProject "xcode9SampleUI" */ = {
			isa = XCConfigurationList;
			buildConfigurations = (
				FCE455031F8C57B70069471B /* Debug */,
				FCE455041F8C57B70069471B /* Release */,
			);
			defaultConfigurationIsVisible = 0;
			defaultConfigurationName = Release;
		};
		FCE455051F8C57B70069471B /* Build configuration list for PBXNativeTarget "xcode9SampleUI" */ = {
			isa = XCConfigurationList;
			buildConfigurations = (
				FCE455061F8C57B70069471B /* Debug */,
				FCE455071F8C57B70069471B /* Release */,
			);
			defaultConfigurationIsVisible = 0;
			defaultConfigurationName = Release;
		};
/* End XCConfigurationList section */
	};
	rootObject = FCE454EB1F8C57B70069471B /* Project object */;
}
