// !$*UTF8*$!
{
	archiveVersion = 1;
	classes = {
	};
	objectVersion = 48;
	objects = {

/* Begin PBXBuildFile section */
		FCDEB39B1F9DB26A0077D573 /* AppDelegate.swift in Sources */ = {isa = PBXBuildFile; fileRef = FCDEB39A1F9DB26A0077D573 /* AppDelegate.swift */; };
		FCDEB39D1F9DB26A0077D573 /* ViewController.swift in Sources */ = {isa = PBXBuildFile; fileRef = FCDEB39C1F9DB26A0077D573 /* ViewController.swift */; };
		FCDEB3A01F9DB26A0077D573 /* Main.storyboard in Resources */ = {isa = PBXBuildFile; fileRef = FCDEB39E1F9DB26A0077D573 /* Main.storyboard */; };
		FCDEB3A21F9DB26A0077D573 /* Assets.xcassets in Resources */ = {isa = PBXBuildFile; fileRef = FCDEB3A11F9DB26A0077D573 /* Assets.xcassets */; };
		FCDEB3A51F9DB26A0077D573 /* LaunchScreen.storyboard in Resources */ = {isa = PBXBuildFile; fileRef = FCDEB3A31F9DB26A0077D573 /* LaunchScreen.storyboard */; };
/* End PBXBuildFile section */

/* Begin PBXFileReference section */
		FCDEB3971F9DB26A0077D573 /* (1023)NotificationSample.app */ = {isa = PBXFileReference; explicitFileType = wrapper.application; includeInIndex = 0; path = "(1023)NotificationSample.app"; sourceTree = BUILT_PRODUCTS_DIR; };
		FCDEB39A1F9DB26A0077D573 /* AppDelegate.swift */ = {isa = PBXFileReference; lastKnownFileType = sourcecode.swift; path = AppDelegate.swift; sourceTree = "<group>"; };
		FCDEB39C1F9DB26A0077D573 /* ViewController.swift */ = {isa = PBXFileReference; lastKnownFileType = sourcecode.swift; path = ViewController.swift; sourceTree = "<group>"; };
		FCDEB39F1F9DB26A0077D573 /* Base */ = {isa = PBXFileReference; lastKnownFileType = file.storyboard; name = Base; path = Base.lproj/Main.storyboard; sourceTree = "<group>"; };
		FCDEB3A11F9DB26A0077D573 /* Assets.xcassets */ = {isa = PBXFileReference; lastKnownFileType = folder.assetcatalog; path = Assets.xcassets; sourceTree = "<group>"; };
		FCDEB3A41F9DB26A0077D573 /* Base */ = {isa = PBXFileReference; lastKnownFileType = file.storyboard; name = Base; path = Base.lproj/LaunchScreen.storyboard; sourceTree = "<group>"; };
		FCDEB3A61F9DB26A0077D573 /* Info.plist */ = {isa = PBXFileReference; lastKnownFileType = text.plist.xml; path = Info.plist; sourceTree = "<group>"; };
/* End PBXFileReference section */

/* Begin PBXFrameworksBuildPhase section */
		FCDEB3941F9DB26A0077D573 /* Frameworks */ = {
			isa = PBXFrameworksBuildPhase;
			buildActionMask = 2147483647;
			files = (
			);
			runOnlyForDeploymentPostprocessing = 0;
		};
/* End PBXFrameworksBuildPhase section */

/* Begin PBXGroup section */
		FCDEB38E1F9DB26A0077D573 = {
			isa = PBXGroup;
			children = (
				FCDEB3991F9DB26A0077D573 /* (1023)NotificationSample */,
				FCDEB3981F9DB26A0077D573 /* Products */,
			);
			sourceTree = "<group>";
		};
		FCDEB3981F9DB26A0077D573 /* Products */ = {
			isa = PBXGroup;
			children = (
				FCDEB3971F9DB26A0077D573 /* (1023)NotificationSample.app */,
			);
			name = Products;
			sourceTree = "<group>";
		};
		FCDEB3991F9DB26A0077D573 /* (1023)NotificationSample */ = {
			isa = PBXGroup;
			children = (
				FCDEB39A1F9DB26A0077D573 /* AppDelegate.swift */,
				FCDEB39C1F9DB26A0077D573 /* ViewController.swift */,
				FCDEB39E1F9DB26A0077D573 /* Main.storyboard */,
				FCDEB3A11F9DB26A0077D573 /* Assets.xcassets */,
				FCDEB3A31F9DB26A0077D573 /* LaunchScreen.storyboard */,
				FCDEB3A61F9DB26A0077D573 /* Info.plist */,
			);
			path = "(1023)NotificationSample";
			sourceTree = "<group>";
		};
/* End PBXGroup section */

/* Begin PBXNativeTarget section */
		FCDEB3961F9DB26A0077D573 /* (1023)NotificationSample */ = {
			isa = PBXNativeTarget;
			buildConfigurationList = FCDEB3A91F9DB26A0077D573 /* Build configuration list for PBXNativeTarget "(1023)NotificationSample" */;
			buildPhases = (
				FCDEB3931F9DB26A0077D573 /* Sources */,
				FCDEB3941F9DB26A0077D573 /* Frameworks */,
				FCDEB3951F9DB26A0077D573 /* Resources */,
			);
			buildRules = (
			);
			dependencies = (
			);
			name = "(1023)NotificationSample";
			productName = "(1023)NotificationSample";
			productReference = FCDEB3971F9DB26A0077D573 /* (1023)NotificationSample.app */;
			productType = "com.apple.product-type.application";
		};
/* End PBXNativeTarget section */

/* Begin PBXProject section */
		FCDEB38F1F9DB26A0077D573 /* Project object */ = {
			isa = PBXProject;
			attributes = {
				LastSwiftUpdateCheck = 0900;
				LastUpgradeCheck = 0900;
				ORGANIZATIONNAME = "Samuel K";
				TargetAttributes = {
					FCDEB3961F9DB26A0077D573 = {
						CreatedOnToolsVersion = 9.0.1;
						ProvisioningStyle = Automatic;
					};
				};
			};
			buildConfigurationList = FCDEB3921F9DB26A0077D573 /* Build configuration list for PBXProject "(1023)NotificationSample" */;
			compatibilityVersion = "Xcode 8.0";
			developmentRegion = en;
			hasScannedForEncodings = 0;
			knownRegions = (
				en,
				Base,
			);
			mainGroup = FCDEB38E1F9DB26A0077D573;
			productRefGroup = FCDEB3981F9DB26A0077D573 /* Products */;
			projectDirPath = "";
			projectRoot = "";
			targets = (
				FCDEB3961F9DB26A0077D573 /* (1023)NotificationSample */,
			);
		};
/* End PBXProject section */

/* Begin PBXResourcesBuildPhase section */
		FCDEB3951F9DB26A0077D573 /* Resources */ = {
			isa = PBXResourcesBuildPhase;
			buildActionMask = 2147483647;
			files = (
				FCDEB3A51F9DB26A0077D573 /* LaunchScreen.storyboard in Resources */,
				FCDEB3A21F9DB26A0077D573 /* Assets.xcassets in Resources */,
				FCDEB3A01F9DB26A0077D573 /* Main.storyboard in Resources */,
			);
			runOnlyForDeploymentPostprocessing = 0;
		};
/* End PBXResourcesBuildPhase section */

/* Begin PBXSourcesBuildPhase section */
		FCDEB3931F9DB26A0077D573 /* Sources */ = {
			isa = PBXSourcesBuildPhase;
			buildActionMask = 2147483647;
			files = (
				FCDEB39D1F9DB26A0077D573 /* ViewController.swift in Sources */,
				FCDEB39B1F9DB26A0077D573 /* AppDelegate.swift in Sources */,
			);
			runOnlyForDeploymentPostprocessing = 0;
		};
/* End PBXSourcesBuildPhase section */

/* Begin PBXVariantGroup section */
		FCDEB39E1F9DB26A0077D573 /* Main.storyboard */ = {
			isa = PBXVariantGroup;
			children = (
				FCDEB39F1F9DB26A0077D573 /* Base */,
			);
			name = Main.storyboard;
			sourceTree = "<group>";
		};
		FCDEB3A31F9DB26A0077D573 /* LaunchScreen.storyboard */ = {
			isa = PBXVariantGroup;
			children = (
				FCDEB3A41F9DB26A0077D573 /* Base */,
			);
			name = LaunchScreen.storyboard;
			sourceTree = "<group>";
		};
/* End PBXVariantGroup section */

/* Begin XCBuildConfiguration section */
		FCDEB3A71F9DB26A0077D573 /* Debug */ = {
			isa = XCBuildConfiguration;
			buildSettings = {
				ALWAYS_SEARCH_USER_PATHS = NO;
				CLANG_ANALYZER_NONNULL = YES;
				CLANG_ANALYZER_NUMBER_OBJECT_CONVERSION = YES_AGGRESSIVE;
				CLANG_CXX_LANGUAGE_STANDARD = "gnu++14";
				CLANG_CXX_LIBRARY = "libc++";
				CLANG_ENABLE_MODULES = YES;
				CLANG_ENABLE_OBJC_ARC = YES;
				CLANG_WARN_BLOCK_CAPTURE_AUTORELEASING = YES;
				CLANG_WARN_BOOL_CONVERSION = YES;
				CLANG_WARN_COMMA = YES;
				CLANG_WARN_CONSTANT_CONVERSION = YES;
				CLANG_WARN_DIRECT_OBJC_ISA_USAGE = YES_ERROR;
				CLANG_WARN_DOCUMENTATION_COMMENTS = YES;
				CLANG_WARN_EMPTY_BODY = YES;
				CLANG_WARN_ENUM_CONVERSION = YES;
				CLANG_WARN_INFINITE_RECURSION = YES;
				CLANG_WARN_INT_CONVERSION = YES;
				CLANG_WARN_NON_LITERAL_NULL_CONVERSION = YES;
				CLANG_WARN_OBJC_LITERAL_CONVERSION = YES;
				CLANG_WARN_OBJC_ROOT_CLASS = YES_ERROR;
				CLANG_WARN_RANGE_LOOP_ANALYSIS = YES;
				CLANG_WARN_STRICT_PROTOTYPES = YES;
				CLANG_WARN_SUSPICIOUS_MOVE = YES;
				CLANG_WARN_UNGUARDED_AVAILABILITY = YES_AGGRESSIVE;
				CLANG_WARN_UNREACHABLE_CODE = YES;
				CLANG_WARN__DUPLICATE_METHOD_MATCH = YES;
				CODE_SIGN_IDENTITY = "iPhone Developer";
				COPY_PHASE_STRIP = NO;
				DEBUG_INFORMATION_FORMAT = dwarf;
				ENABLE_STRICT_OBJC_MSGSEND = YES;
				ENABLE_TESTABILITY = YES;
				GCC_C_LANGUAGE_STANDARD = gnu11;
				GCC_DYNAMIC_NO_PIC = NO;
				GCC_NO_COMMON_BLOCKS = YES;
				GCC_OPTIMIZATION_LEVEL = 0;
				GCC_PREPROCESSOR_DEFINITIONS = (
					"DEBUG=1",
					"$(inherited)",
				);
				GCC_WARN_64_TO_32_BIT_CONVERSION = YES;
				GCC_WARN_ABOUT_RETURN_TYPE = YES_ERROR;
				GCC_WARN_UNDECLARED_SELECTOR = YES;
				GCC_WARN_UNINITIALIZED_AUTOS = YES_AGGRESSIVE;
				GCC_WARN_UNUSED_FUNCTION = YES;
				GCC_WARN_UNUSED_VARIABLE = YES;
				IPHONEOS_DEPLOYMENT_TARGET = 11.0;
				MTL_ENABLE_DEBUG_INFO = YES;
				ONLY_ACTIVE_ARCH = YES;
				SDKROOT = iphoneos;
				SWIFT_ACTIVE_COMPILATION_CONDITIONS = DEBUG;
				SWIFT_OPTIMIZATION_LEVEL = "-Onone";
			};
			name = Debug;
		};
		FCDEB3A81F9DB26A0077D573 /* Release */ = {
			isa = XCBuildConfiguration;
			buildSettings = {
				ALWAYS_SEARCH_USER_PATHS = NO;
				CLANG_ANALYZER_NONNULL = YES;
				CLANG_ANALYZER_NUMBER_OBJECT_CONVERSION = YES_AGGRESSIVE;
				CLANG_CXX_LANGUAGE_STANDARD = "gnu++14";
				CLANG_CXX_LIBRARY = "libc++";
				CLANG_ENABLE_MODULES = YES;
				CLANG_ENABLE_OBJC_ARC = YES;
				CLANG_WARN_BLOCK_CAPTURE_AUTORELEASING = YES;
				CLANG_WARN_BOOL_CONVERSION = YES;
				CLANG_WARN_COMMA = YES;
				CLANG_WARN_CONSTANT_CONVERSION = YES;
				CLANG_WARN_DIRECT_OBJC_ISA_USAGE = YES_ERROR;
				CLANG_WARN_DOCUMENTATION_COMMENTS = YES;
				CLANG_WARN_EMPTY_BODY = YES;
				CLANG_WARN_ENUM_CONVERSION = YES;
				CLANG_WARN_INFINITE_RECURSION = YES;
				CLANG_WARN_INT_CONVERSION = YES;
				CLANG_WARN_NON_LITERAL_NULL_CONVERSION = YES;
				CLANG_WARN_OBJC_LITERAL_CONVERSION = YES;
				CLANG_WARN_OBJC_ROOT_CLASS = YES_ERROR;
				CLANG_WARN_RANGE_LOOP_ANALYSIS = YES;
				CLANG_WARN_STRICT_PROTOTYPES = YES;
				CLANG_WARN_SUSPICIOUS_MOVE = YES;
				CLANG_WARN_UNGUARDED_AVAILABILITY = YES_AGGRESSIVE;
				CLANG_WARN_UNREACHABLE_CODE = YES;
				CLANG_WARN__DUPLICATE_METHOD_MATCH = YES;
				CODE_SIGN_IDENTITY = "iPhone Developer";
				COPY_PHASE_STRIP = NO;
				DEBUG_INFORMATION_FORMAT = "dwarf-with-dsym";
				ENABLE_NS_ASSERTIONS = NO;
				ENABLE_STRICT_OBJC_MSGSEND = YES;
				GCC_C_LANGUAGE_STANDARD = gnu11;
				GCC_NO_COMMON_BLOCKS = YES;
				GCC_WARN_64_TO_32_BIT_CONVERSION = YES;
				GCC_WARN_ABOUT_RETURN_TYPE = YES_ERROR;
				GCC_WARN_UNDECLARED_SELECTOR = YES;
				GCC_WARN_UNINITIALIZED_AUTOS = YES_AGGRESSIVE;
				GCC_WARN_UNUSED_FUNCTION = YES;
				GCC_WARN_UNUSED_VARIABLE = YES;
				IPHONEOS_DEPLOYMENT_TARGET = 11.0;
				MTL_ENABLE_DEBUG_INFO = NO;
				SDKROOT = iphoneos;
				SWIFT_OPTIMIZATION_LEVEL = "-Owholemodule";
				VALIDATE_PRODUCT = YES;
			};
			name = Release;
		};
		FCDEB3AA1F9DB26A0077D573 /* Debug */ = {
			isa = XCBuildConfiguration;
			buildSettings = {
				ASSETCATALOG_COMPILER_APPICON_NAME = AppIcon;
				CODE_SIGN_STYLE = Automatic;
				INFOPLIST_FILE = "(1023)NotificationSample/Info.plist";
				LD_RUNPATH_SEARCH_PATHS = "$(inherited) @executable_path/Frameworks";
				PRODUCT_BUNDLE_IDENTIFIER = "com.SamuelK.-1023-NotificationSample";
				PRODUCT_NAME = "$(TARGET_NAME)";
				SWIFT_VERSION = 4.0;
				TARGETED_DEVICE_FAMILY = "1,2";
			};
			name = Debug;
		};
		FCDEB3AB1F9DB26A0077D573 /* Release */ = {
			isa = XCBuildConfiguration;
			buildSettings = {
				ASSETCATALOG_COMPILER_APPICON_NAME = AppIcon;
				CODE_SIGN_STYLE = Automatic;
				INFOPLIST_FILE = "(1023)NotificationSample/Info.plist";
				LD_RUNPATH_SEARCH_PATHS = "$(inherited) @executable_path/Frameworks";
				PRODUCT_BUNDLE_IDENTIFIER = "com.SamuelK.-1023-NotificationSample";
				PRODUCT_NAME = "$(TARGET_NAME)";
				SWIFT_VERSION = 4.0;
				TARGETED_DEVICE_FAMILY = "1,2";
			};
			name = Release;
		};
/* End XCBuildConfiguration section */

/* Begin XCConfigurationList section */
		FCDEB3921F9DB26A0077D573 /* Build configuration list for PBXProject "(1023)NotificationSample" */ = {
			isa = XCConfigurationList;
			buildConfigurations = (
				FCDEB3A71F9DB26A0077D573 /* Debug */,
				FCDEB3A81F9DB26A0077D573 /* Release */,
			);
			defaultConfigurationIsVisible = 0;
			defaultConfigurationName = Release;
		};
		FCDEB3A91F9DB26A0077D573 /* Build configuration list for PBXNativeTarget "(1023)NotificationSample" */ = {
			isa = XCConfigurationList;
			buildConfigurations = (
				FCDEB3AA1F9DB26A0077D573 /* Debug */,
				FCDEB3AB1F9DB26A0077D573 /* Release */,
			);
			defaultConfigurationIsVisible = 0;
			defaultConfigurationName = Release;
		};
/* End XCConfigurationList section */
	};
	rootObject = FCDEB38F1F9DB26A0077D573 /* Project object */;
}
