// !$*UTF8*$!
{
	archiveVersion = 1;
	classes = {
	};
	objectVersion = 46;
	objects = {

/* Begin PBXBuildFile section */
		FCFD59851F734762008C23F8 /* AppDelegate.swift in Sources */ = {isa = PBXBuildFile; fileRef = FCFD59841F734762008C23F8 /* AppDelegate.swift */; };
		FCFD59871F734762008C23F8 /* ViewController.swift in Sources */ = {isa = PBXBuildFile; fileRef = FCFD59861F734762008C23F8 /* ViewController.swift */; };
		FCFD598A1F734762008C23F8 /* Main.storyboard in Resources */ = {isa = PBXBuildFile; fileRef = FCFD59881F734762008C23F8 /* Main.storyboard */; };
		FCFD598C1F734762008C23F8 /* Assets.xcassets in Resources */ = {isa = PBXBuildFile; fileRef = FCFD598B1F734762008C23F8 /* Assets.xcassets */; };
		FCFD598F1F734762008C23F8 /* LaunchScreen.storyboard in Resources */ = {isa = PBXBuildFile; fileRef = FCFD598D1F734762008C23F8 /* LaunchScreen.storyboard */; };
		FCFD59971F737077008C23F8 /* SampleViewController.swift in Sources */ = {isa = PBXBuildFile; fileRef = FCFD59961F737077008C23F8 /* SampleViewController.swift */; };
		FCFE01881F74A777005E809E /* RevisionViewController.swift in Sources */ = {isa = PBXBuildFile; fileRef = FCFE01871F74A777005E809E /* RevisionViewController.swift */; };
/* End PBXBuildFile section */

/* Begin PBXFileReference section */
		FCFD59811F734762008C23F8 /* BaseballGame.app */ = {isa = PBXFileReference; explicitFileType = wrapper.application; includeInIndex = 0; path = BaseballGame.app; sourceTree = BUILT_PRODUCTS_DIR; };
		FCFD59841F734762008C23F8 /* AppDelegate.swift */ = {isa = PBXFileReference; lastKnownFileType = sourcecode.swift; path = AppDelegate.swift; sourceTree = "<group>"; };
		FCFD59861F734762008C23F8 /* ViewController.swift */ = {isa = PBXFileReference; lastKnownFileType = sourcecode.swift; path = ViewController.swift; sourceTree = "<group>"; };
		FCFD59891F734762008C23F8 /* Base */ = {isa = PBXFileReference; lastKnownFileType = file.storyboard; name = Base; path = Base.lproj/Main.storyboard; sourceTree = "<group>"; };
		FCFD598B1F734762008C23F8 /* Assets.xcassets */ = {isa = PBXFileReference; lastKnownFileType = folder.assetcatalog; path = Assets.xcassets; sourceTree = "<group>"; };
		FCFD598E1F734762008C23F8 /* Base */ = {isa = PBXFileReference; lastKnownFileType = file.storyboard; name = Base; path = Base.lproj/LaunchScreen.storyboard; sourceTree = "<group>"; };
		FCFD59901F734762008C23F8 /* Info.plist */ = {isa = PBXFileReference; lastKnownFileType = text.plist.xml; path = Info.plist; sourceTree = "<group>"; };
		FCFD59961F737077008C23F8 /* SampleViewController.swift */ = {isa = PBXFileReference; fileEncoding = 4; lastKnownFileType = sourcecode.swift; path = SampleViewController.swift; sourceTree = "<group>"; };
		FCFE01871F74A777005E809E /* RevisionViewController.swift */ = {isa = PBXFileReference; fileEncoding = 4; lastKnownFileType = sourcecode.swift; path = RevisionViewController.swift; sourceTree = "<group>"; };
/* End PBXFileReference section */

/* Begin PBXFrameworksBuildPhase section */
		FCFD597E1F734762008C23F8 /* Frameworks */ = {
			isa = PBXFrameworksBuildPhase;
			buildActionMask = 2147483647;
			files = (
			);
			runOnlyForDeploymentPostprocessing = 0;
		};
/* End PBXFrameworksBuildPhase section */

/* Begin PBXGroup section */
		FCFD59781F734762008C23F8 = {
			isa = PBXGroup;
			children = (
				FCFD59831F734762008C23F8 /* BaseballGame */,
				FCFD59821F734762008C23F8 /* Products */,
			);
			sourceTree = "<group>";
		};
		FCFD59821F734762008C23F8 /* Products */ = {
			isa = PBXGroup;
			children = (
				FCFD59811F734762008C23F8 /* BaseballGame.app */,
			);
			name = Products;
			sourceTree = "<group>";
		};
		FCFD59831F734762008C23F8 /* BaseballGame */ = {
			isa = PBXGroup;
			children = (
				FCFD59841F734762008C23F8 /* AppDelegate.swift */,
				FCFE01871F74A777005E809E /* RevisionViewController.swift */,
				FCFD59961F737077008C23F8 /* SampleViewController.swift */,
				FCFD59881F734762008C23F8 /* Main.storyboard */,
				FCFD598B1F734762008C23F8 /* Assets.xcassets */,
				FCFD598D1F734762008C23F8 /* LaunchScreen.storyboard */,
				FCFD59901F734762008C23F8 /* Info.plist */,
				FCFD59861F734762008C23F8 /* ViewController.swift */,
			);
			path = BaseballGame;
			sourceTree = "<group>";
		};
/* End PBXGroup section */

/* Begin PBXNativeTarget section */
		FCFD59801F734762008C23F8 /* BaseballGame */ = {
			isa = PBXNativeTarget;
			buildConfigurationList = FCFD59931F734762008C23F8 /* Build configuration list for PBXNativeTarget "BaseballGame" */;
			buildPhases = (
				FCFD597D1F734762008C23F8 /* Sources */,
				FCFD597E1F734762008C23F8 /* Frameworks */,
				FCFD597F1F734762008C23F8 /* Resources */,
			);
			buildRules = (
			);
			dependencies = (
			);
			name = BaseballGame;
			productName = BaseballGame;
			productReference = FCFD59811F734762008C23F8 /* BaseballGame.app */;
			productType = "com.apple.product-type.application";
		};
/* End PBXNativeTarget section */

/* Begin PBXProject section */
		FCFD59791F734762008C23F8 /* Project object */ = {
			isa = PBXProject;
			attributes = {
				LastSwiftUpdateCheck = 0830;
				LastUpgradeCheck = 0830;
				ORGANIZATIONNAME = "Samuel K";
				TargetAttributes = {
					FCFD59801F734762008C23F8 = {
						CreatedOnToolsVersion = 8.3.3;
						ProvisioningStyle = Automatic;
					};
				};
			};
			buildConfigurationList = FCFD597C1F734762008C23F8 /* Build configuration list for PBXProject "BaseballGame" */;
			compatibilityVersion = "Xcode 3.2";
			developmentRegion = English;
			hasScannedForEncodings = 0;
			knownRegions = (
				en,
				Base,
			);
			mainGroup = FCFD59781F734762008C23F8;
			productRefGroup = FCFD59821F734762008C23F8 /* Products */;
			projectDirPath = "";
			projectRoot = "";
			targets = (
				FCFD59801F734762008C23F8 /* BaseballGame */,
			);
		};
/* End PBXProject section */

/* Begin PBXResourcesBuildPhase section */
		FCFD597F1F734762008C23F8 /* Resources */ = {
			isa = PBXResourcesBuildPhase;
			buildActionMask = 2147483647;
			files = (
				FCFD598F1F734762008C23F8 /* LaunchScreen.storyboard in Resources */,
				FCFD598C1F734762008C23F8 /* Assets.xcassets in Resources */,
				FCFD598A1F734762008C23F8 /* Main.storyboard in Resources */,
			);
			runOnlyForDeploymentPostprocessing = 0;
		};
/* End PBXResourcesBuildPhase section */

/* Begin PBXSourcesBuildPhase section */
		FCFD597D1F734762008C23F8 /* Sources */ = {
			isa = PBXSourcesBuildPhase;
			buildActionMask = 2147483647;
			files = (
				FCFD59871F734762008C23F8 /* ViewController.swift in Sources */,
				FCFE01881F74A777005E809E /* RevisionViewController.swift in Sources */,
				FCFD59851F734762008C23F8 /* AppDelegate.swift in Sources */,
				FCFD59971F737077008C23F8 /* SampleViewController.swift in Sources */,
			);
			runOnlyForDeploymentPostprocessing = 0;
		};
/* End PBXSourcesBuildPhase section */

/* Begin PBXVariantGroup section */
		FCFD59881F734762008C23F8 /* Main.storyboard */ = {
			isa = PBXVariantGroup;
			children = (
				FCFD59891F734762008C23F8 /* Base */,
			);
			name = Main.storyboard;
			sourceTree = "<group>";
		};
		FCFD598D1F734762008C23F8 /* LaunchScreen.storyboard */ = {
			isa = PBXVariantGroup;
			children = (
				FCFD598E1F734762008C23F8 /* Base */,
			);
			name = LaunchScreen.storyboard;
			sourceTree = "<group>";
		};
/* End PBXVariantGroup section */

/* Begin XCBuildConfiguration section */
		FCFD59911F734762008C23F8 /* Debug */ = {
			isa = XCBuildConfiguration;
			buildSettings = {
				ALWAYS_SEARCH_USER_PATHS = NO;
				CLANG_ANALYZER_NONNULL = YES;
				CLANG_ANALYZER_NUMBER_OBJECT_CONVERSION = YES_AGGRESSIVE;
				CLANG_CXX_LANGUAGE_STANDARD = "gnu++0x";
				CLANG_CXX_LIBRARY = "libc++";
				CLANG_ENABLE_MODULES = YES;
				CLANG_ENABLE_OBJC_ARC = YES;
				CLANG_WARN_BOOL_CONVERSION = YES;
				CLANG_WARN_CONSTANT_CONVERSION = YES;
				CLANG_WARN_DIRECT_OBJC_ISA_USAGE = YES_ERROR;
				CLANG_WARN_DOCUMENTATION_COMMENTS = YES;
				CLANG_WARN_EMPTY_BODY = YES;
				CLANG_WARN_ENUM_CONVERSION = YES;
				CLANG_WARN_INFINITE_RECURSION = YES;
				CLANG_WARN_INT_CONVERSION = YES;
				CLANG_WARN_OBJC_ROOT_CLASS = YES_ERROR;
				CLANG_WARN_SUSPICIOUS_MOVE = YES;
				CLANG_WARN_UNREACHABLE_CODE = YES;
				CLANG_WARN__DUPLICATE_METHOD_MATCH = YES;
				"CODE_SIGN_IDENTITY[sdk=iphoneos*]" = "iPhone Developer";
				COPY_PHASE_STRIP = NO;
				DEBUG_INFORMATION_FORMAT = dwarf;
				ENABLE_STRICT_OBJC_MSGSEND = YES;
				ENABLE_TESTABILITY = YES;
				GCC_C_LANGUAGE_STANDARD = gnu99;
				GCC_DYNAMIC_NO_PIC = NO;
				GCC_NO_COMMON_BLOCKS = YES;
				GCC_OPTIMIZATION_LEVEL = 0;
				GCC_PREPROCESSOR_DEFINITIONS = (
					"DEBUG=1",
					"$(inherited)",
				);
				GCC_WARN_64_TO_32_BIT_CONVERSION = YES;
				GCC_WARN_ABOUT_RETURN_TYPE = YES_ERROR;
				GCC_WARN_UNDECLARED_SELECTOR = YES;
				GCC_WARN_UNINITIALIZED_AUTOS = YES_AGGRESSIVE;
				GCC_WARN_UNUSED_FUNCTION = YES;
				GCC_WARN_UNUSED_VARIABLE = YES;
				IPHONEOS_DEPLOYMENT_TARGET = 10.3;
				MTL_ENABLE_DEBUG_INFO = YES;
				ONLY_ACTIVE_ARCH = YES;
				SDKROOT = iphoneos;
				SWIFT_ACTIVE_COMPILATION_CONDITIONS = DEBUG;
				SWIFT_OPTIMIZATION_LEVEL = "-Onone";
			};
			name = Debug;
		};
		FCFD59921F734762008C23F8 /* Release */ = {
			isa = XCBuildConfiguration;
			buildSettings = {
				ALWAYS_SEARCH_USER_PATHS = NO;
				CLANG_ANALYZER_NONNULL = YES;
				CLANG_ANALYZER_NUMBER_OBJECT_CONVERSION = YES_AGGRESSIVE;
				CLANG_CXX_LANGUAGE_STANDARD = "gnu++0x";
				CLANG_CXX_LIBRARY = "libc++";
				CLANG_ENABLE_MODULES = YES;
				CLANG_ENABLE_OBJC_ARC = YES;
				CLANG_WARN_BOOL_CONVERSION = YES;
				CLANG_WARN_CONSTANT_CONVERSION = YES;
				CLANG_WARN_DIRECT_OBJC_ISA_USAGE = YES_ERROR;
				CLANG_WARN_DOCUMENTATION_COMMENTS = YES;
				CLANG_WARN_EMPTY_BODY = YES;
				CLANG_WARN_ENUM_CONVERSION = YES;
				CLANG_WARN_INFINITE_RECURSION = YES;
				CLANG_WARN_INT_CONVERSION = YES;
				CLANG_WARN_OBJC_ROOT_CLASS = YES_ERROR;
				CLANG_WARN_SUSPICIOUS_MOVE = YES;
				CLANG_WARN_UNREACHABLE_CODE = YES;
				CLANG_WARN__DUPLICATE_METHOD_MATCH = YES;
				"CODE_SIGN_IDENTITY[sdk=iphoneos*]" = "iPhone Developer";
				COPY_PHASE_STRIP = NO;
				DEBUG_INFORMATION_FORMAT = "dwarf-with-dsym";
				ENABLE_NS_ASSERTIONS = NO;
				ENABLE_STRICT_OBJC_MSGSEND = YES;
				GCC_C_LANGUAGE_STANDARD = gnu99;
				GCC_NO_COMMON_BLOCKS = YES;
				GCC_WARN_64_TO_32_BIT_CONVERSION = YES;
				GCC_WARN_ABOUT_RETURN_TYPE = YES_ERROR;
				GCC_WARN_UNDECLARED_SELECTOR = YES;
				GCC_WARN_UNINITIALIZED_AUTOS = YES_AGGRESSIVE;
				GCC_WARN_UNUSED_FUNCTION = YES;
				GCC_WARN_UNUSED_VARIABLE = YES;
				IPHONEOS_DEPLOYMENT_TARGET = 10.3;
				MTL_ENABLE_DEBUG_INFO = NO;
				SDKROOT = iphoneos;
				SWIFT_OPTIMIZATION_LEVEL = "-Owholemodule";
				VALIDATE_PRODUCT = YES;
			};
			name = Release;
		};
		FCFD59941F734762008C23F8 /* Debug */ = {
			isa = XCBuildConfiguration;
			buildSettings = {
				ASSETCATALOG_COMPILER_APPICON_NAME = AppIcon;
				INFOPLIST_FILE = BaseballGame/Info.plist;
				LD_RUNPATH_SEARCH_PATHS = "$(inherited) @executable_path/Frameworks";
				PRODUCT_BUNDLE_IDENTIFIER = com.SamuelK.BaseballGame;
				PRODUCT_NAME = "$(TARGET_NAME)";
				SWIFT_VERSION = 3.0;
			};
			name = Debug;
		};
		FCFD59951F734762008C23F8 /* Release */ = {
			isa = XCBuildConfiguration;
			buildSettings = {
				ASSETCATALOG_COMPILER_APPICON_NAME = AppIcon;
				INFOPLIST_FILE = BaseballGame/Info.plist;
				LD_RUNPATH_SEARCH_PATHS = "$(inherited) @executable_path/Frameworks";
				PRODUCT_BUNDLE_IDENTIFIER = com.SamuelK.BaseballGame;
				PRODUCT_NAME = "$(TARGET_NAME)";
				SWIFT_VERSION = 3.0;
			};
			name = Release;
		};
/* End XCBuildConfiguration section */

/* Begin XCConfigurationList section */
		FCFD597C1F734762008C23F8 /* Build configuration list for PBXProject "BaseballGame" */ = {
			isa = XCConfigurationList;
			buildConfigurations = (
				FCFD59911F734762008C23F8 /* Debug */,
				FCFD59921F734762008C23F8 /* Release */,
			);
			defaultConfigurationIsVisible = 0;
			defaultConfigurationName = Release;
		};
		FCFD59931F734762008C23F8 /* Build configuration list for PBXNativeTarget "BaseballGame" */ = {
			isa = XCConfigurationList;
			buildConfigurations = (
				FCFD59941F734762008C23F8 /* Debug */,
				FCFD59951F734762008C23F8 /* Release */,
			);
			defaultConfigurationIsVisible = 0;
			defaultConfigurationName = Release;
		};
/* End XCConfigurationList section */
	};
	rootObject = FCFD59791F734762008C23F8 /* Project object */;
}
