// !$*UTF8*$!
{
	archiveVersion = 1;
	classes = {
	};
	objectVersion = 48;
	objects = {

/* Begin PBXBuildFile section */
		FC6D115A1FB01F7900F74A7E /* AppDelegate.swift in Sources */ = {isa = PBXBuildFile; fileRef = FC6D11591FB01F7900F74A7E /* AppDelegate.swift */; };
		FC6D115C1FB01F7900F74A7E /* ViewController.swift in Sources */ = {isa = PBXBuildFile; fileRef = FC6D115B1FB01F7900F74A7E /* ViewController.swift */; };
		FC6D115F1FB01F7900F74A7E /* Main.storyboard in Resources */ = {isa = PBXBuildFile; fileRef = FC6D115D1FB01F7900F74A7E /* Main.storyboard */; };
		FC6D11611FB01F7900F74A7E /* Assets.xcassets in Resources */ = {isa = PBXBuildFile; fileRef = FC6D11601FB01F7900F74A7E /* Assets.xcassets */; };
		FC6D11641FB01F7900F74A7E /* LaunchScreen.storyboard in Resources */ = {isa = PBXBuildFile; fileRef = FC6D11621FB01F7900F74A7E /* LaunchScreen.storyboard */; };
/* End PBXBuildFile section */

/* Begin PBXFileReference section */
		FC6D11561FB01F7900F74A7E /* (1106)OperationSample.app */ = {isa = PBXFileReference; explicitFileType = wrapper.application; includeInIndex = 0; path = "(1106)OperationSample.app"; sourceTree = BUILT_PRODUCTS_DIR; };
		FC6D11591FB01F7900F74A7E /* AppDelegate.swift */ = {isa = PBXFileReference; lastKnownFileType = sourcecode.swift; path = AppDelegate.swift; sourceTree = "<group>"; };
		FC6D115B1FB01F7900F74A7E /* ViewController.swift */ = {isa = PBXFileReference; lastKnownFileType = sourcecode.swift; path = ViewController.swift; sourceTree = "<group>"; };
		FC6D115E1FB01F7900F74A7E /* Base */ = {isa = PBXFileReference; lastKnownFileType = file.storyboard; name = Base; path = Base.lproj/Main.storyboard; sourceTree = "<group>"; };
		FC6D11601FB01F7900F74A7E /* Assets.xcassets */ = {isa = PBXFileReference; lastKnownFileType = folder.assetcatalog; path = Assets.xcassets; sourceTree = "<group>"; };
		FC6D11631FB01F7900F74A7E /* Base */ = {isa = PBXFileReference; lastKnownFileType = file.storyboard; name = Base; path = Base.lproj/LaunchScreen.storyboard; sourceTree = "<group>"; };
		FC6D11651FB01F7900F74A7E /* Info.plist */ = {isa = PBXFileReference; lastKnownFileType = text.plist.xml; path = Info.plist; sourceTree = "<group>"; };
/* End PBXFileReference section */

/* Begin PBXFrameworksBuildPhase section */
		FC6D11531FB01F7900F74A7E /* Frameworks */ = {
			isa = PBXFrameworksBuildPhase;
			buildActionMask = 2147483647;
			files = (
			);
			runOnlyForDeploymentPostprocessing = 0;
		};
/* End PBXFrameworksBuildPhase section */

/* Begin PBXGroup section */
		FC6D114D1FB01F7900F74A7E = {
			isa = PBXGroup;
			children = (
				FC6D11581FB01F7900F74A7E /* (1106)OperationSample */,
				FC6D11571FB01F7900F74A7E /* Products */,
			);
			sourceTree = "<group>";
		};
		FC6D11571FB01F7900F74A7E /* Products */ = {
			isa = PBXGroup;
			children = (
				FC6D11561FB01F7900F74A7E /* (1106)OperationSample.app */,
			);
			name = Products;
			sourceTree = "<group>";
		};
		FC6D11581FB01F7900F74A7E /* (1106)OperationSample */ = {
			isa = PBXGroup;
			children = (
				FC6D11591FB01F7900F74A7E /* AppDelegate.swift */,
				FC6D115B1FB01F7900F74A7E /* ViewController.swift */,
				FC6D115D1FB01F7900F74A7E /* Main.storyboard */,
				FC6D11601FB01F7900F74A7E /* Assets.xcassets */,
				FC6D11621FB01F7900F74A7E /* LaunchScreen.storyboard */,
				FC6D11651FB01F7900F74A7E /* Info.plist */,
			);
			path = "(1106)OperationSample";
			sourceTree = "<group>";
		};
/* End PBXGroup section */

/* Begin PBXNativeTarget section */
		FC6D11551FB01F7900F74A7E /* (1106)OperationSample */ = {
			isa = PBXNativeTarget;
			buildConfigurationList = FC6D11681FB01F7900F74A7E /* Build configuration list for PBXNativeTarget "(1106)OperationSample" */;
			buildPhases = (
				FC6D11521FB01F7900F74A7E /* Sources */,
				FC6D11531FB01F7900F74A7E /* Frameworks */,
				FC6D11541FB01F7900F74A7E /* Resources */,
			);
			buildRules = (
			);
			dependencies = (
			);
			name = "(1106)OperationSample";
			productName = "(1106)OperationSample";
			productReference = FC6D11561FB01F7900F74A7E /* (1106)OperationSample.app */;
			productType = "com.apple.product-type.application";
		};
/* End PBXNativeTarget section */

/* Begin PBXProject section */
		FC6D114E1FB01F7900F74A7E /* Project object */ = {
			isa = PBXProject;
			attributes = {
				LastSwiftUpdateCheck = 0910;
				LastUpgradeCheck = 0910;
				ORGANIZATIONNAME = "Samuel K";
				TargetAttributes = {
					FC6D11551FB01F7900F74A7E = {
						CreatedOnToolsVersion = 9.1;
						ProvisioningStyle = Automatic;
					};
				};
			};
			buildConfigurationList = FC6D11511FB01F7900F74A7E /* Build configuration list for PBXProject "(1106)OperationSample" */;
			compatibilityVersion = "Xcode 8.0";
			developmentRegion = en;
			hasScannedForEncodings = 0;
			knownRegions = (
				en,
				Base,
			);
			mainGroup = FC6D114D1FB01F7900F74A7E;
			productRefGroup = FC6D11571FB01F7900F74A7E /* Products */;
			projectDirPath = "";
			projectRoot = "";
			targets = (
				FC6D11551FB01F7900F74A7E /* (1106)OperationSample */,
			);
		};
/* End PBXProject section */

/* Begin PBXResourcesBuildPhase section */
		FC6D11541FB01F7900F74A7E /* Resources */ = {
			isa = PBXResourcesBuildPhase;
			buildActionMask = 2147483647;
			files = (
				FC6D11641FB01F7900F74A7E /* LaunchScreen.storyboard in Resources */,
				FC6D11611FB01F7900F74A7E /* Assets.xcassets in Resources */,
				FC6D115F1FB01F7900F74A7E /* Main.storyboard in Resources */,
			);
			runOnlyForDeploymentPostprocessing = 0;
		};
/* End PBXResourcesBuildPhase section */

/* Begin PBXSourcesBuildPhase section */
		FC6D11521FB01F7900F74A7E /* Sources */ = {
			isa = PBXSourcesBuildPhase;
			buildActionMask = 2147483647;
			files = (
				FC6D115C1FB01F7900F74A7E /* ViewController.swift in Sources */,
				FC6D115A1FB01F7900F74A7E /* AppDelegate.swift in Sources */,
			);
			runOnlyForDeploymentPostprocessing = 0;
		};
/* End PBXSourcesBuildPhase section */

/* Begin PBXVariantGroup section */
		FC6D115D1FB01F7900F74A7E /* Main.storyboard */ = {
			isa = PBXVariantGroup;
			children = (
				FC6D115E1FB01F7900F74A7E /* Base */,
			);
			name = Main.storyboard;
			sourceTree = "<group>";
		};
		FC6D11621FB01F7900F74A7E /* LaunchScreen.storyboard */ = {
			isa = PBXVariantGroup;
			children = (
				FC6D11631FB01F7900F74A7E /* Base */,
			);
			name = LaunchScreen.storyboard;
			sourceTree = "<group>";
		};
/* End PBXVariantGroup section */

/* Begin XCBuildConfiguration section */
		FC6D11661FB01F7900F74A7E /* Debug */ = {
			isa = XCBuildConfiguration;
			buildSettings = {
				ALWAYS_SEARCH_USER_PATHS = NO;
				CLANG_ANALYZER_NONNULL = YES;
				CLANG_ANALYZER_NUMBER_OBJECT_CONVERSION = YES_AGGRESSIVE;
				CLANG_CXX_LANGUAGE_STANDARD = "gnu++14";
				CLANG_CXX_LIBRARY = "libc++";
				CLANG_ENABLE_MODULES = YES;
				CLANG_ENABLE_OBJC_ARC = YES;
				CLANG_WARN_BLOCK_CAPTURE_AUTORELEASING = YES;
				CLANG_WARN_BOOL_CONVERSION = YES;
				CLANG_WARN_COMMA = YES;
				CLANG_WARN_CONSTANT_CONVERSION = YES;
				CLANG_WARN_DIRECT_OBJC_ISA_USAGE = YES_ERROR;
				CLANG_WARN_DOCUMENTATION_COMMENTS = YES;
				CLANG_WARN_EMPTY_BODY = YES;
				CLANG_WARN_ENUM_CONVERSION = YES;
				CLANG_WARN_INFINITE_RECURSION = YES;
				CLANG_WARN_INT_CONVERSION = YES;
				CLANG_WARN_NON_LITERAL_NULL_CONVERSION = YES;
				CLANG_WARN_OBJC_LITERAL_CONVERSION = YES;
				CLANG_WARN_OBJC_ROOT_CLASS = YES_ERROR;
				CLANG_WARN_RANGE_LOOP_ANALYSIS = YES;
				CLANG_WARN_STRICT_PROTOTYPES = YES;
				CLANG_WARN_SUSPICIOUS_MOVE = YES;
				CLANG_WARN_UNGUARDED_AVAILABILITY = YES_AGGRESSIVE;
				CLANG_WARN_UNREACHABLE_CODE = YES;
				CLANG_WARN__DUPLICATE_METHOD_MATCH = YES;
				CODE_SIGN_IDENTITY = "iPhone Developer";
				COPY_PHASE_STRIP = NO;
				DEBUG_INFORMATION_FORMAT = dwarf;
				ENABLE_STRICT_OBJC_MSGSEND = YES;
				ENABLE_TESTABILITY = YES;
				GCC_C_LANGUAGE_STANDARD = gnu11;
				GCC_DYNAMIC_NO_PIC = NO;
				GCC_NO_COMMON_BLOCKS = YES;
				GCC_OPTIMIZATION_LEVEL = 0;
				GCC_PREPROCESSOR_DEFINITIONS = (
					"DEBUG=1",
					"$(inherited)",
				);
				GCC_WARN_64_TO_32_BIT_CONVERSION = YES;
				GCC_WARN_ABOUT_RETURN_TYPE = YES_ERROR;
				GCC_WARN_UNDECLARED_SELECTOR = YES;
				GCC_WARN_UNINITIALIZED_AUTOS = YES_AGGRESSIVE;
				GCC_WARN_UNUSED_FUNCTION = YES;
				GCC_WARN_UNUSED_VARIABLE = YES;
				IPHONEOS_DEPLOYMENT_TARGET = 11.1;
				MTL_ENABLE_DEBUG_INFO = YES;
				ONLY_ACTIVE_ARCH = YES;
				SDKROOT = iphoneos;
				SWIFT_ACTIVE_COMPILATION_CONDITIONS = DEBUG;
				SWIFT_OPTIMIZATION_LEVEL = "-Onone";
			};
			name = Debug;
		};
		FC6D11671FB01F7900F74A7E /* Release */ = {
			isa = XCBuildConfiguration;
			buildSettings = {
				ALWAYS_SEARCH_USER_PATHS = NO;
				CLANG_ANALYZER_NONNULL = YES;
				CLANG_ANALYZER_NUMBER_OBJECT_CONVERSION = YES_AGGRESSIVE;
				CLANG_CXX_LANGUAGE_STANDARD = "gnu++14";
				CLANG_CXX_LIBRARY = "libc++";
				CLANG_ENABLE_MODULES = YES;
				CLANG_ENABLE_OBJC_ARC = YES;
				CLANG_WARN_BLOCK_CAPTURE_AUTORELEASING = YES;
				CLANG_WARN_BOOL_CONVERSION = YES;
				CLANG_WARN_COMMA = YES;
				CLANG_WARN_CONSTANT_CONVERSION = YES;
				CLANG_WARN_DIRECT_OBJC_ISA_USAGE = YES_ERROR;
				CLANG_WARN_DOCUMENTATION_COMMENTS = YES;
				CLANG_WARN_EMPTY_BODY = YES;
				CLANG_WARN_ENUM_CONVERSION = YES;
				CLANG_WARN_INFINITE_RECURSION = YES;
				CLANG_WARN_INT_CONVERSION = YES;
				CLANG_WARN_NON_LITERAL_NULL_CONVERSION = YES;
				CLANG_WARN_OBJC_LITERAL_CONVERSION = YES;
				CLANG_WARN_OBJC_ROOT_CLASS = YES_ERROR;
				CLANG_WARN_RANGE_LOOP_ANALYSIS = YES;
				CLANG_WARN_STRICT_PROTOTYPES = YES;
				CLANG_WARN_SUSPICIOUS_MOVE = YES;
				CLANG_WARN_UNGUARDED_AVAILABILITY = YES_AGGRESSIVE;
				CLANG_WARN_UNREACHABLE_CODE = YES;
				CLANG_WARN__DUPLICATE_METHOD_MATCH = YES;
				CODE_SIGN_IDENTITY = "iPhone Developer";
				COPY_PHASE_STRIP = NO;
				DEBUG_INFORMATION_FORMAT = "dwarf-with-dsym";
				ENABLE_NS_ASSERTIONS = NO;
				ENABLE_STRICT_OBJC_MSGSEND = YES;
				GCC_C_LANGUAGE_STANDARD = gnu11;
				GCC_NO_COMMON_BLOCKS = YES;
				GCC_WARN_64_TO_32_BIT_CONVERSION = YES;
				GCC_WARN_ABOUT_RETURN_TYPE = YES_ERROR;
				GCC_WARN_UNDECLARED_SELECTOR = YES;
				GCC_WARN_UNINITIALIZED_AUTOS = YES_AGGRESSIVE;
				GCC_WARN_UNUSED_FUNCTION = YES;
				GCC_WARN_UNUSED_VARIABLE = YES;
				IPHONEOS_DEPLOYMENT_TARGET = 11.1;
				MTL_ENABLE_DEBUG_INFO = NO;
				SDKROOT = iphoneos;
				SWIFT_OPTIMIZATION_LEVEL = "-Owholemodule";
				VALIDATE_PRODUCT = YES;
			};
			name = Release;
		};
		FC6D11691FB01F7900F74A7E /* Debug */ = {
			isa = XCBuildConfiguration;
			buildSettings = {
				ASSETCATALOG_COMPILER_APPICON_NAME = AppIcon;
				CODE_SIGN_STYLE = Automatic;
				DEVELOPMENT_TEAM = 5RK46U626P;
				INFOPLIST_FILE = "(1106)OperationSample/Info.plist";
				LD_RUNPATH_SEARCH_PATHS = "$(inherited) @executable_path/Frameworks";
				PRODUCT_BUNDLE_IDENTIFIER = "com.SamuelK.-1106-OperationSample";
				PRODUCT_NAME = "$(TARGET_NAME)";
				SWIFT_VERSION = 4.0;
				TARGETED_DEVICE_FAMILY = "1,2";
			};
			name = Debug;
		};
		FC6D116A1FB01F7900F74A7E /* Release */ = {
			isa = XCBuildConfiguration;
			buildSettings = {
				ASSETCATALOG_COMPILER_APPICON_NAME = AppIcon;
				CODE_SIGN_STYLE = Automatic;
				DEVELOPMENT_TEAM = 5RK46U626P;
				INFOPLIST_FILE = "(1106)OperationSample/Info.plist";
				LD_RUNPATH_SEARCH_PATHS = "$(inherited) @executable_path/Frameworks";
				PRODUCT_BUNDLE_IDENTIFIER = "com.SamuelK.-1106-OperationSample";
				PRODUCT_NAME = "$(TARGET_NAME)";
				SWIFT_VERSION = 4.0;
				TARGETED_DEVICE_FAMILY = "1,2";
			};
			name = Release;
		};
/* End XCBuildConfiguration section */

/* Begin XCConfigurationList section */
		FC6D11511FB01F7900F74A7E /* Build configuration list for PBXProject "(1106)OperationSample" */ = {
			isa = XCConfigurationList;
			buildConfigurations = (
				FC6D11661FB01F7900F74A7E /* Debug */,
				FC6D11671FB01F7900F74A7E /* Release */,
			);
			defaultConfigurationIsVisible = 0;
			defaultConfigurationName = Release;
		};
		FC6D11681FB01F7900F74A7E /* Build configuration list for PBXNativeTarget "(1106)OperationSample" */ = {
			isa = XCConfigurationList;
			buildConfigurations = (
				FC6D11691FB01F7900F74A7E /* Debug */,
				FC6D116A1FB01F7900F74A7E /* Release */,
			);
			defaultConfigurationIsVisible = 0;
			defaultConfigurationName = Release;
		};
/* End XCConfigurationList section */
	};
	rootObject = FC6D114E1FB01F7900F74A7E /* Project object */;
}
