// !$*UTF8*$!
{
	archiveVersion = 1;
	classes = {
	};
	objectVersion = 48;
	objects = {

/* Begin PBXBuildFile section */
		FC8A68931F986C4A004653BF /* AppDelegate.swift in Sources */ = {isa = PBXBuildFile; fileRef = FC8A68921F986C4A004653BF /* AppDelegate.swift */; };
		FC8A68951F986C4A004653BF /* ViewController.swift in Sources */ = {isa = PBXBuildFile; fileRef = FC8A68941F986C4A004653BF /* ViewController.swift */; };
		FC8A68981F986C4A004653BF /* Main.storyboard in Resources */ = {isa = PBXBuildFile; fileRef = FC8A68961F986C4A004653BF /* Main.storyboard */; };
		FC8A689A1F986C4A004653BF /* Assets.xcassets in Resources */ = {isa = PBXBuildFile; fileRef = FC8A68991F986C4A004653BF /* Assets.xcassets */; };
		FC8A689D1F986C4A004653BF /* LaunchScreen.storyboard in Resources */ = {isa = PBXBuildFile; fileRef = FC8A689B1F986C4A004653BF /* LaunchScreen.storyboard */; };
		FC8A68A51F986C6C004653BF /* DataModel.swift in Sources */ = {isa = PBXBuildFile; fileRef = FC8A68A41F986C6C004653BF /* DataModel.swift */; };
/* End PBXBuildFile section */

/* Begin PBXFileReference section */
		FC8A688F1F986C4A004653BF /* AlbumList(1019).app */ = {isa = PBXFileReference; explicitFileType = wrapper.application; includeInIndex = 0; path = "AlbumList(1019).app"; sourceTree = BUILT_PRODUCTS_DIR; };
		FC8A68921F986C4A004653BF /* AppDelegate.swift */ = {isa = PBXFileReference; lastKnownFileType = sourcecode.swift; path = AppDelegate.swift; sourceTree = "<group>"; };
		FC8A68941F986C4A004653BF /* ViewController.swift */ = {isa = PBXFileReference; lastKnownFileType = sourcecode.swift; path = ViewController.swift; sourceTree = "<group>"; };
		FC8A68971F986C4A004653BF /* Base */ = {isa = PBXFileReference; lastKnownFileType = file.storyboard; name = Base; path = Base.lproj/Main.storyboard; sourceTree = "<group>"; };
		FC8A68991F986C4A004653BF /* Assets.xcassets */ = {isa = PBXFileReference; lastKnownFileType = folder.assetcatalog; path = Assets.xcassets; sourceTree = "<group>"; };
		FC8A689C1F986C4A004653BF /* Base */ = {isa = PBXFileReference; lastKnownFileType = file.storyboard; name = Base; path = Base.lproj/LaunchScreen.storyboard; sourceTree = "<group>"; };
		FC8A689E1F986C4A004653BF /* Info.plist */ = {isa = PBXFileReference; lastKnownFileType = text.plist.xml; path = Info.plist; sourceTree = "<group>"; };
		FC8A68A41F986C6C004653BF /* DataModel.swift */ = {isa = PBXFileReference; lastKnownFileType = sourcecode.swift; path = DataModel.swift; sourceTree = "<group>"; };
/* End PBXFileReference section */

/* Begin PBXFrameworksBuildPhase section */
		FC8A688C1F986C4A004653BF /* Frameworks */ = {
			isa = PBXFrameworksBuildPhase;
			buildActionMask = 2147483647;
			files = (
			);
			runOnlyForDeploymentPostprocessing = 0;
		};
/* End PBXFrameworksBuildPhase section */

/* Begin PBXGroup section */
		FC8A68861F986C4A004653BF = {
			isa = PBXGroup;
			children = (
				FC8A68911F986C4A004653BF /* AlbumList(1019) */,
				FC8A68901F986C4A004653BF /* Products */,
			);
			sourceTree = "<group>";
		};
		FC8A68901F986C4A004653BF /* Products */ = {
			isa = PBXGroup;
			children = (
				FC8A688F1F986C4A004653BF /* AlbumList(1019).app */,
			);
			name = Products;
			sourceTree = "<group>";
		};
		FC8A68911F986C4A004653BF /* AlbumList(1019) */ = {
			isa = PBXGroup;
			children = (
				FC8A68921F986C4A004653BF /* AppDelegate.swift */,
				FC8A68941F986C4A004653BF /* ViewController.swift */,
				FC8A68961F986C4A004653BF /* Main.storyboard */,
				FC8A68991F986C4A004653BF /* Assets.xcassets */,
				FC8A689B1F986C4A004653BF /* LaunchScreen.storyboard */,
				FC8A689E1F986C4A004653BF /* Info.plist */,
				FC8A68A41F986C6C004653BF /* DataModel.swift */,
			);
			path = "AlbumList(1019)";
			sourceTree = "<group>";
		};
/* End PBXGroup section */

/* Begin PBXNativeTarget section */
		FC8A688E1F986C4A004653BF /* AlbumList(1019) */ = {
			isa = PBXNativeTarget;
			buildConfigurationList = FC8A68A11F986C4A004653BF /* Build configuration list for PBXNativeTarget "AlbumList(1019)" */;
			buildPhases = (
				FC8A688B1F986C4A004653BF /* Sources */,
				FC8A688C1F986C4A004653BF /* Frameworks */,
				FC8A688D1F986C4A004653BF /* Resources */,
			);
			buildRules = (
			);
			dependencies = (
			);
			name = "AlbumList(1019)";
			productName = "AlbumList(1019)";
			productReference = FC8A688F1F986C4A004653BF /* AlbumList(1019).app */;
			productType = "com.apple.product-type.application";
		};
/* End PBXNativeTarget section */

/* Begin PBXProject section */
		FC8A68871F986C4A004653BF /* Project object */ = {
			isa = PBXProject;
			attributes = {
				LastSwiftUpdateCheck = 0900;
				LastUpgradeCheck = 0900;
				ORGANIZATIONNAME = "Samuel K";
				TargetAttributes = {
					FC8A688E1F986C4A004653BF = {
						CreatedOnToolsVersion = 9.0.1;
						ProvisioningStyle = Automatic;
					};
				};
			};
			buildConfigurationList = FC8A688A1F986C4A004653BF /* Build configuration list for PBXProject "AlbumList(1019)" */;
			compatibilityVersion = "Xcode 8.0";
			developmentRegion = en;
			hasScannedForEncodings = 0;
			knownRegions = (
				en,
				Base,
			);
			mainGroup = FC8A68861F986C4A004653BF;
			productRefGroup = FC8A68901F986C4A004653BF /* Products */;
			projectDirPath = "";
			projectRoot = "";
			targets = (
				FC8A688E1F986C4A004653BF /* AlbumList(1019) */,
			);
		};
/* End PBXProject section */

/* Begin PBXResourcesBuildPhase section */
		FC8A688D1F986C4A004653BF /* Resources */ = {
			isa = PBXResourcesBuildPhase;
			buildActionMask = 2147483647;
			files = (
				FC8A689D1F986C4A004653BF /* LaunchScreen.storyboard in Resources */,
				FC8A689A1F986C4A004653BF /* Assets.xcassets in Resources */,
				FC8A68981F986C4A004653BF /* Main.storyboard in Resources */,
			);
			runOnlyForDeploymentPostprocessing = 0;
		};
/* End PBXResourcesBuildPhase section */

/* Begin PBXSourcesBuildPhase section */
		FC8A688B1F986C4A004653BF /* Sources */ = {
			isa = PBXSourcesBuildPhase;
			buildActionMask = 2147483647;
			files = (
				FC8A68951F986C4A004653BF /* ViewController.swift in Sources */,
				FC8A68931F986C4A004653BF /* AppDelegate.swift in Sources */,
				FC8A68A51F986C6C004653BF /* DataModel.swift in Sources */,
			);
			runOnlyForDeploymentPostprocessing = 0;
		};
/* End PBXSourcesBuildPhase section */

/* Begin PBXVariantGroup section */
		FC8A68961F986C4A004653BF /* Main.storyboard */ = {
			isa = PBXVariantGroup;
			children = (
				FC8A68971F986C4A004653BF /* Base */,
			);
			name = Main.storyboard;
			sourceTree = "<group>";
		};
		FC8A689B1F986C4A004653BF /* LaunchScreen.storyboard */ = {
			isa = PBXVariantGroup;
			children = (
				FC8A689C1F986C4A004653BF /* Base */,
			);
			name = LaunchScreen.storyboard;
			sourceTree = "<group>";
		};
/* End PBXVariantGroup section */

/* Begin XCBuildConfiguration section */
		FC8A689F1F986C4A004653BF /* Debug */ = {
			isa = XCBuildConfiguration;
			buildSettings = {
				ALWAYS_SEARCH_USER_PATHS = NO;
				CLANG_ANALYZER_NONNULL = YES;
				CLANG_ANALYZER_NUMBER_OBJECT_CONVERSION = YES_AGGRESSIVE;
				CLANG_CXX_LANGUAGE_STANDARD = "gnu++14";
				CLANG_CXX_LIBRARY = "libc++";
				CLANG_ENABLE_MODULES = YES;
				CLANG_ENABLE_OBJC_ARC = YES;
				CLANG_WARN_BLOCK_CAPTURE_AUTORELEASING = YES;
				CLANG_WARN_BOOL_CONVERSION = YES;
				CLANG_WARN_COMMA = YES;
				CLANG_WARN_CONSTANT_CONVERSION = YES;
				CLANG_WARN_DIRECT_OBJC_ISA_USAGE = YES_ERROR;
				CLANG_WARN_DOCUMENTATION_COMMENTS = YES;
				CLANG_WARN_EMPTY_BODY = YES;
				CLANG_WARN_ENUM_CONVERSION = YES;
				CLANG_WARN_INFINITE_RECURSION = YES;
				CLANG_WARN_INT_CONVERSION = YES;
				CLANG_WARN_NON_LITERAL_NULL_CONVERSION = YES;
				CLANG_WARN_OBJC_LITERAL_CONVERSION = YES;
				CLANG_WARN_OBJC_ROOT_CLASS = YES_ERROR;
				CLANG_WARN_RANGE_LOOP_ANALYSIS = YES;
				CLANG_WARN_STRICT_PROTOTYPES = YES;
				CLANG_WARN_SUSPICIOUS_MOVE = YES;
				CLANG_WARN_UNGUARDED_AVAILABILITY = YES_AGGRESSIVE;
				CLANG_WARN_UNREACHABLE_CODE = YES;
				CLANG_WARN__DUPLICATE_METHOD_MATCH = YES;
				CODE_SIGN_IDENTITY = "iPhone Developer";
				COPY_PHASE_STRIP = NO;
				DEBUG_INFORMATION_FORMAT = dwarf;
				ENABLE_STRICT_OBJC_MSGSEND = YES;
				ENABLE_TESTABILITY = YES;
				GCC_C_LANGUAGE_STANDARD = gnu11;
				GCC_DYNAMIC_NO_PIC = NO;
				GCC_NO_COMMON_BLOCKS = YES;
				GCC_OPTIMIZATION_LEVEL = 0;
				GCC_PREPROCESSOR_DEFINITIONS = (
					"DEBUG=1",
					"$(inherited)",
				);
				GCC_WARN_64_TO_32_BIT_CONVERSION = YES;
				GCC_WARN_ABOUT_RETURN_TYPE = YES_ERROR;
				GCC_WARN_UNDECLARED_SELECTOR = YES;
				GCC_WARN_UNINITIALIZED_AUTOS = YES_AGGRESSIVE;
				GCC_WARN_UNUSED_FUNCTION = YES;
				GCC_WARN_UNUSED_VARIABLE = YES;
				IPHONEOS_DEPLOYMENT_TARGET = 11.0;
				MTL_ENABLE_DEBUG_INFO = YES;
				ONLY_ACTIVE_ARCH = YES;
				SDKROOT = iphoneos;
				SWIFT_ACTIVE_COMPILATION_CONDITIONS = DEBUG;
				SWIFT_OPTIMIZATION_LEVEL = "-Onone";
			};
			name = Debug;
		};
		FC8A68A01F986C4A004653BF /* Release */ = {
			isa = XCBuildConfiguration;
			buildSettings = {
				ALWAYS_SEARCH_USER_PATHS = NO;
				CLANG_ANALYZER_NONNULL = YES;
				CLANG_ANALYZER_NUMBER_OBJECT_CONVERSION = YES_AGGRESSIVE;
				CLANG_CXX_LANGUAGE_STANDARD = "gnu++14";
				CLANG_CXX_LIBRARY = "libc++";
				CLANG_ENABLE_MODULES = YES;
				CLANG_ENABLE_OBJC_ARC = YES;
				CLANG_WARN_BLOCK_CAPTURE_AUTORELEASING = YES;
				CLANG_WARN_BOOL_CONVERSION = YES;
				CLANG_WARN_COMMA = YES;
				CLANG_WARN_CONSTANT_CONVERSION = YES;
				CLANG_WARN_DIRECT_OBJC_ISA_USAGE = YES_ERROR;
				CLANG_WARN_DOCUMENTATION_COMMENTS = YES;
				CLANG_WARN_EMPTY_BODY = YES;
				CLANG_WARN_ENUM_CONVERSION = YES;
				CLANG_WARN_INFINITE_RECURSION = YES;
				CLANG_WARN_INT_CONVERSION = YES;
				CLANG_WARN_NON_LITERAL_NULL_CONVERSION = YES;
				CLANG_WARN_OBJC_LITERAL_CONVERSION = YES;
				CLANG_WARN_OBJC_ROOT_CLASS = YES_ERROR;
				CLANG_WARN_RANGE_LOOP_ANALYSIS = YES;
				CLANG_WARN_STRICT_PROTOTYPES = YES;
				CLANG_WARN_SUSPICIOUS_MOVE = YES;
				CLANG_WARN_UNGUARDED_AVAILABILITY = YES_AGGRESSIVE;
				CLANG_WARN_UNREACHABLE_CODE = YES;
				CLANG_WARN__DUPLICATE_METHOD_MATCH = YES;
				CODE_SIGN_IDENTITY = "iPhone Developer";
				COPY_PHASE_STRIP = NO;
				DEBUG_INFORMATION_FORMAT = "dwarf-with-dsym";
				ENABLE_NS_ASSERTIONS = NO;
				ENABLE_STRICT_OBJC_MSGSEND = YES;
				GCC_C_LANGUAGE_STANDARD = gnu11;
				GCC_NO_COMMON_BLOCKS = YES;
				GCC_WARN_64_TO_32_BIT_CONVERSION = YES;
				GCC_WARN_ABOUT_RETURN_TYPE = YES_ERROR;
				GCC_WARN_UNDECLARED_SELECTOR = YES;
				GCC_WARN_UNINITIALIZED_AUTOS = YES_AGGRESSIVE;
				GCC_WARN_UNUSED_FUNCTION = YES;
				GCC_WARN_UNUSED_VARIABLE = YES;
				IPHONEOS_DEPLOYMENT_TARGET = 11.0;
				MTL_ENABLE_DEBUG_INFO = NO;
				SDKROOT = iphoneos;
				SWIFT_OPTIMIZATION_LEVEL = "-Owholemodule";
				VALIDATE_PRODUCT = YES;
			};
			name = Release;
		};
		FC8A68A21F986C4A004653BF /* Debug */ = {
			isa = XCBuildConfiguration;
			buildSettings = {
				ASSETCATALOG_COMPILER_APPICON_NAME = AppIcon;
				CODE_SIGN_STYLE = Automatic;
				INFOPLIST_FILE = "AlbumList(1019)/Info.plist";
				LD_RUNPATH_SEARCH_PATHS = "$(inherited) @executable_path/Frameworks";
				PRODUCT_BUNDLE_IDENTIFIER = "com.SamuelK.AlbumList-1019-";
				PRODUCT_NAME = "$(TARGET_NAME)";
				SWIFT_VERSION = 4.0;
				TARGETED_DEVICE_FAMILY = "1,2";
			};
			name = Debug;
		};
		FC8A68A31F986C4A004653BF /* Release */ = {
			isa = XCBuildConfiguration;
			buildSettings = {
				ASSETCATALOG_COMPILER_APPICON_NAME = AppIcon;
				CODE_SIGN_STYLE = Automatic;
				INFOPLIST_FILE = "AlbumList(1019)/Info.plist";
				LD_RUNPATH_SEARCH_PATHS = "$(inherited) @executable_path/Frameworks";
				PRODUCT_BUNDLE_IDENTIFIER = "com.SamuelK.AlbumList-1019-";
				PRODUCT_NAME = "$(TARGET_NAME)";
				SWIFT_VERSION = 4.0;
				TARGETED_DEVICE_FAMILY = "1,2";
			};
			name = Release;
		};
/* End XCBuildConfiguration section */

/* Begin XCConfigurationList section */
		FC8A688A1F986C4A004653BF /* Build configuration list for PBXProject "AlbumList(1019)" */ = {
			isa = XCConfigurationList;
			buildConfigurations = (
				FC8A689F1F986C4A004653BF /* Debug */,
				FC8A68A01F986C4A004653BF /* Release */,
			);
			defaultConfigurationIsVisible = 0;
			defaultConfigurationName = Release;
		};
		FC8A68A11F986C4A004653BF /* Build configuration list for PBXNativeTarget "AlbumList(1019)" */ = {
			isa = XCConfigurationList;
			buildConfigurations = (
				FC8A68A21F986C4A004653BF /* Debug */,
				FC8A68A31F986C4A004653BF /* Release */,
			);
			defaultConfigurationIsVisible = 0;
			defaultConfigurationName = Release;
		};
/* End XCConfigurationList section */
	};
	rootObject = FC8A68871F986C4A004653BF /* Project object */;
}
