// !$*UTF8*$!
{
	archiveVersion = 1;
	classes = {
	};
	objectVersion = 48;
	objects = {

/* Begin PBXBuildFile section */
		FCEC63431FA2C13500C26C0B /* AppDelegate.swift in Sources */ = {isa = PBXBuildFile; fileRef = FCEC63421FA2C13500C26C0B /* AppDelegate.swift */; };
		FCEC63451FA2C13500C26C0B /* ViewController.swift in Sources */ = {isa = PBXBuildFile; fileRef = FCEC63441FA2C13500C26C0B /* ViewController.swift */; };
		FCEC63481FA2C13500C26C0B /* Main.storyboard in Resources */ = {isa = PBXBuildFile; fileRef = FCEC63461FA2C13500C26C0B /* Main.storyboard */; };
		FCEC634A1FA2C13500C26C0B /* Assets.xcassets in Resources */ = {isa = PBXBuildFile; fileRef = FCEC63491FA2C13500C26C0B /* Assets.xcassets */; };
		FCEC634D1FA2C13500C26C0B /* LaunchScreen.storyboard in Resources */ = {isa = PBXBuildFile; fileRef = FCEC634B1FA2C13500C26C0B /* LaunchScreen.storyboard */; };
		FCEC63551FA2C34F00C26C0B /* TestCell.swift in Sources */ = {isa = PBXBuildFile; fileRef = FCEC63541FA2C34F00C26C0B /* TestCell.swift */; };
/* End PBXBuildFile section */

/* Begin PBXFileReference section */
		FCEC633F1FA2C13500C26C0B /* (1027)CollectionView.app */ = {isa = PBXFileReference; explicitFileType = wrapper.application; includeInIndex = 0; path = "(1027)CollectionView.app"; sourceTree = BUILT_PRODUCTS_DIR; };
		FCEC63421FA2C13500C26C0B /* AppDelegate.swift */ = {isa = PBXFileReference; lastKnownFileType = sourcecode.swift; path = AppDelegate.swift; sourceTree = "<group>"; };
		FCEC63441FA2C13500C26C0B /* ViewController.swift */ = {isa = PBXFileReference; lastKnownFileType = sourcecode.swift; path = ViewController.swift; sourceTree = "<group>"; };
		FCEC63471FA2C13500C26C0B /* Base */ = {isa = PBXFileReference; lastKnownFileType = file.storyboard; name = Base; path = Base.lproj/Main.storyboard; sourceTree = "<group>"; };
		FCEC63491FA2C13500C26C0B /* Assets.xcassets */ = {isa = PBXFileReference; lastKnownFileType = folder.assetcatalog; path = Assets.xcassets; sourceTree = "<group>"; };
		FCEC634C1FA2C13500C26C0B /* Base */ = {isa = PBXFileReference; lastKnownFileType = file.storyboard; name = Base; path = Base.lproj/LaunchScreen.storyboard; sourceTree = "<group>"; };
		FCEC634E1FA2C13500C26C0B /* Info.plist */ = {isa = PBXFileReference; lastKnownFileType = text.plist.xml; path = Info.plist; sourceTree = "<group>"; };
		FCEC63541FA2C34F00C26C0B /* TestCell.swift */ = {isa = PBXFileReference; lastKnownFileType = sourcecode.swift; path = TestCell.swift; sourceTree = "<group>"; };
/* End PBXFileReference section */

/* Begin PBXFrameworksBuildPhase section */
		FCEC633C1FA2C13500C26C0B /* Frameworks */ = {
			isa = PBXFrameworksBuildPhase;
			buildActionMask = 2147483647;
			files = (
			);
			runOnlyForDeploymentPostprocessing = 0;
		};
/* End PBXFrameworksBuildPhase section */

/* Begin PBXGroup section */
		FCEC63361FA2C13500C26C0B = {
			isa = PBXGroup;
			children = (
				FCEC63411FA2C13500C26C0B /* (1027)CollectionView */,
				FCEC63401FA2C13500C26C0B /* Products */,
			);
			sourceTree = "<group>";
		};
		FCEC63401FA2C13500C26C0B /* Products */ = {
			isa = PBXGroup;
			children = (
				FCEC633F1FA2C13500C26C0B /* (1027)CollectionView.app */,
			);
			name = Products;
			sourceTree = "<group>";
		};
		FCEC63411FA2C13500C26C0B /* (1027)CollectionView */ = {
			isa = PBXGroup;
			children = (
				FCEC63421FA2C13500C26C0B /* AppDelegate.swift */,
				FCEC63441FA2C13500C26C0B /* ViewController.swift */,
				FCEC63541FA2C34F00C26C0B /* TestCell.swift */,
				FCEC63461FA2C13500C26C0B /* Main.storyboard */,
				FCEC63491FA2C13500C26C0B /* Assets.xcassets */,
				FCEC634B1FA2C13500C26C0B /* LaunchScreen.storyboard */,
				FCEC634E1FA2C13500C26C0B /* Info.plist */,
			);
			path = "(1027)CollectionView";
			sourceTree = "<group>";
		};
/* End PBXGroup section */

/* Begin PBXNativeTarget section */
		FCEC633E1FA2C13500C26C0B /* (1027)CollectionView */ = {
			isa = PBXNativeTarget;
			buildConfigurationList = FCEC63511FA2C13500C26C0B /* Build configuration list for PBXNativeTarget "(1027)CollectionView" */;
			buildPhases = (
				FCEC633B1FA2C13500C26C0B /* Sources */,
				FCEC633C1FA2C13500C26C0B /* Frameworks */,
				FCEC633D1FA2C13500C26C0B /* Resources */,
			);
			buildRules = (
			);
			dependencies = (
			);
			name = "(1027)CollectionView";
			productName = "(1027)CollectionView";
			productReference = FCEC633F1FA2C13500C26C0B /* (1027)CollectionView.app */;
			productType = "com.apple.product-type.application";
		};
/* End PBXNativeTarget section */

/* Begin PBXProject section */
		FCEC63371FA2C13500C26C0B /* Project object */ = {
			isa = PBXProject;
			attributes = {
				LastSwiftUpdateCheck = 0900;
				LastUpgradeCheck = 0900;
				ORGANIZATIONNAME = "Samuel K";
				TargetAttributes = {
					FCEC633E1FA2C13500C26C0B = {
						CreatedOnToolsVersion = 9.0.1;
						ProvisioningStyle = Automatic;
					};
				};
			};
			buildConfigurationList = FCEC633A1FA2C13500C26C0B /* Build configuration list for PBXProject "(1027)CollectionView" */;
			compatibilityVersion = "Xcode 8.0";
			developmentRegion = en;
			hasScannedForEncodings = 0;
			knownRegions = (
				en,
				Base,
			);
			mainGroup = FCEC63361FA2C13500C26C0B;
			productRefGroup = FCEC63401FA2C13500C26C0B /* Products */;
			projectDirPath = "";
			projectRoot = "";
			targets = (
				FCEC633E1FA2C13500C26C0B /* (1027)CollectionView */,
			);
		};
/* End PBXProject section */

/* Begin PBXResourcesBuildPhase section */
		FCEC633D1FA2C13500C26C0B /* Resources */ = {
			isa = PBXResourcesBuildPhase;
			buildActionMask = 2147483647;
			files = (
				FCEC634D1FA2C13500C26C0B /* LaunchScreen.storyboard in Resources */,
				FCEC634A1FA2C13500C26C0B /* Assets.xcassets in Resources */,
				FCEC63481FA2C13500C26C0B /* Main.storyboard in Resources */,
			);
			runOnlyForDeploymentPostprocessing = 0;
		};
/* End PBXResourcesBuildPhase section */

/* Begin PBXSourcesBuildPhase section */
		FCEC633B1FA2C13500C26C0B /* Sources */ = {
			isa = PBXSourcesBuildPhase;
			buildActionMask = 2147483647;
			files = (
				FCEC63451FA2C13500C26C0B /* ViewController.swift in Sources */,
				FCEC63551FA2C34F00C26C0B /* TestCell.swift in Sources */,
				FCEC63431FA2C13500C26C0B /* AppDelegate.swift in Sources */,
			);
			runOnlyForDeploymentPostprocessing = 0;
		};
/* End PBXSourcesBuildPhase section */

/* Begin PBXVariantGroup section */
		FCEC63461FA2C13500C26C0B /* Main.storyboard */ = {
			isa = PBXVariantGroup;
			children = (
				FCEC63471FA2C13500C26C0B /* Base */,
			);
			name = Main.storyboard;
			sourceTree = "<group>";
		};
		FCEC634B1FA2C13500C26C0B /* LaunchScreen.storyboard */ = {
			isa = PBXVariantGroup;
			children = (
				FCEC634C1FA2C13500C26C0B /* Base */,
			);
			name = LaunchScreen.storyboard;
			sourceTree = "<group>";
		};
/* End PBXVariantGroup section */

/* Begin XCBuildConfiguration section */
		FCEC634F1FA2C13500C26C0B /* Debug */ = {
			isa = XCBuildConfiguration;
			buildSettings = {
				ALWAYS_SEARCH_USER_PATHS = NO;
				CLANG_ANALYZER_NONNULL = YES;
				CLANG_ANALYZER_NUMBER_OBJECT_CONVERSION = YES_AGGRESSIVE;
				CLANG_CXX_LANGUAGE_STANDARD = "gnu++14";
				CLANG_CXX_LIBRARY = "libc++";
				CLANG_ENABLE_MODULES = YES;
				CLANG_ENABLE_OBJC_ARC = YES;
				CLANG_WARN_BLOCK_CAPTURE_AUTORELEASING = YES;
				CLANG_WARN_BOOL_CONVERSION = YES;
				CLANG_WARN_COMMA = YES;
				CLANG_WARN_CONSTANT_CONVERSION = YES;
				CLANG_WARN_DIRECT_OBJC_ISA_USAGE = YES_ERROR;
				CLANG_WARN_DOCUMENTATION_COMMENTS = YES;
				CLANG_WARN_EMPTY_BODY = YES;
				CLANG_WARN_ENUM_CONVERSION = YES;
				CLANG_WARN_INFINITE_RECURSION = YES;
				CLANG_WARN_INT_CONVERSION = YES;
				CLANG_WARN_NON_LITERAL_NULL_CONVERSION = YES;
				CLANG_WARN_OBJC_LITERAL_CONVERSION = YES;
				CLANG_WARN_OBJC_ROOT_CLASS = YES_ERROR;
				CLANG_WARN_RANGE_LOOP_ANALYSIS = YES;
				CLANG_WARN_STRICT_PROTOTYPES = YES;
				CLANG_WARN_SUSPICIOUS_MOVE = YES;
				CLANG_WARN_UNGUARDED_AVAILABILITY = YES_AGGRESSIVE;
				CLANG_WARN_UNREACHABLE_CODE = YES;
				CLANG_WARN__DUPLICATE_METHOD_MATCH = YES;
				CODE_SIGN_IDENTITY = "iPhone Developer";
				COPY_PHASE_STRIP = NO;
				DEBUG_INFORMATION_FORMAT = dwarf;
				ENABLE_STRICT_OBJC_MSGSEND = YES;
				ENABLE_TESTABILITY = YES;
				GCC_C_LANGUAGE_STANDARD = gnu11;
				GCC_DYNAMIC_NO_PIC = NO;
				GCC_NO_COMMON_BLOCKS = YES;
				GCC_OPTIMIZATION_LEVEL = 0;
				GCC_PREPROCESSOR_DEFINITIONS = (
					"DEBUG=1",
					"$(inherited)",
				);
				GCC_WARN_64_TO_32_BIT_CONVERSION = YES;
				GCC_WARN_ABOUT_RETURN_TYPE = YES_ERROR;
				GCC_WARN_UNDECLARED_SELECTOR = YES;
				GCC_WARN_UNINITIALIZED_AUTOS = YES_AGGRESSIVE;
				GCC_WARN_UNUSED_FUNCTION = YES;
				GCC_WARN_UNUSED_VARIABLE = YES;
				IPHONEOS_DEPLOYMENT_TARGET = 11.0;
				MTL_ENABLE_DEBUG_INFO = YES;
				ONLY_ACTIVE_ARCH = YES;
				SDKROOT = iphoneos;
				SWIFT_ACTIVE_COMPILATION_CONDITIONS = DEBUG;
				SWIFT_OPTIMIZATION_LEVEL = "-Onone";
			};
			name = Debug;
		};
		FCEC63501FA2C13500C26C0B /* Release */ = {
			isa = XCBuildConfiguration;
			buildSettings = {
				ALWAYS_SEARCH_USER_PATHS = NO;
				CLANG_ANALYZER_NONNULL = YES;
				CLANG_ANALYZER_NUMBER_OBJECT_CONVERSION = YES_AGGRESSIVE;
				CLANG_CXX_LANGUAGE_STANDARD = "gnu++14";
				CLANG_CXX_LIBRARY = "libc++";
				CLANG_ENABLE_MODULES = YES;
				CLANG_ENABLE_OBJC_ARC = YES;
				CLANG_WARN_BLOCK_CAPTURE_AUTORELEASING = YES;
				CLANG_WARN_BOOL_CONVERSION = YES;
				CLANG_WARN_COMMA = YES;
				CLANG_WARN_CONSTANT_CONVERSION = YES;
				CLANG_WARN_DIRECT_OBJC_ISA_USAGE = YES_ERROR;
				CLANG_WARN_DOCUMENTATION_COMMENTS = YES;
				CLANG_WARN_EMPTY_BODY = YES;
				CLANG_WARN_ENUM_CONVERSION = YES;
				CLANG_WARN_INFINITE_RECURSION = YES;
				CLANG_WARN_INT_CONVERSION = YES;
				CLANG_WARN_NON_LITERAL_NULL_CONVERSION = YES;
				CLANG_WARN_OBJC_LITERAL_CONVERSION = YES;
				CLANG_WARN_OBJC_ROOT_CLASS = YES_ERROR;
				CLANG_WARN_RANGE_LOOP_ANALYSIS = YES;
				CLANG_WARN_STRICT_PROTOTYPES = YES;
				CLANG_WARN_SUSPICIOUS_MOVE = YES;
				CLANG_WARN_UNGUARDED_AVAILABILITY = YES_AGGRESSIVE;
				CLANG_WARN_UNREACHABLE_CODE = YES;
				CLANG_WARN__DUPLICATE_METHOD_MATCH = YES;
				CODE_SIGN_IDENTITY = "iPhone Developer";
				COPY_PHASE_STRIP = NO;
				DEBUG_INFORMATION_FORMAT = "dwarf-with-dsym";
				ENABLE_NS_ASSERTIONS = NO;
				ENABLE_STRICT_OBJC_MSGSEND = YES;
				GCC_C_LANGUAGE_STANDARD = gnu11;
				GCC_NO_COMMON_BLOCKS = YES;
				GCC_WARN_64_TO_32_BIT_CONVERSION = YES;
				GCC_WARN_ABOUT_RETURN_TYPE = YES_ERROR;
				GCC_WARN_UNDECLARED_SELECTOR = YES;
				GCC_WARN_UNINITIALIZED_AUTOS = YES_AGGRESSIVE;
				GCC_WARN_UNUSED_FUNCTION = YES;
				GCC_WARN_UNUSED_VARIABLE = YES;
				IPHONEOS_DEPLOYMENT_TARGET = 11.0;
				MTL_ENABLE_DEBUG_INFO = NO;
				SDKROOT = iphoneos;
				SWIFT_OPTIMIZATION_LEVEL = "-Owholemodule";
				VALIDATE_PRODUCT = YES;
			};
			name = Release;
		};
		FCEC63521FA2C13500C26C0B /* Debug */ = {
			isa = XCBuildConfiguration;
			buildSettings = {
				ASSETCATALOG_COMPILER_APPICON_NAME = AppIcon;
				CODE_SIGN_STYLE = Automatic;
				DEVELOPMENT_TEAM = 5RK46U626P;
				INFOPLIST_FILE = "(1027)CollectionView/Info.plist";
				LD_RUNPATH_SEARCH_PATHS = "$(inherited) @executable_path/Frameworks";
				PRODUCT_BUNDLE_IDENTIFIER = "com.SamuelK.-1027-CollectionView";
				PRODUCT_NAME = "$(TARGET_NAME)";
				SWIFT_VERSION = 4.0;
				TARGETED_DEVICE_FAMILY = "1,2";
			};
			name = Debug;
		};
		FCEC63531FA2C13500C26C0B /* Release */ = {
			isa = XCBuildConfiguration;
			buildSettings = {
				ASSETCATALOG_COMPILER_APPICON_NAME = AppIcon;
				CODE_SIGN_STYLE = Automatic;
				DEVELOPMENT_TEAM = 5RK46U626P;
				INFOPLIST_FILE = "(1027)CollectionView/Info.plist";
				LD_RUNPATH_SEARCH_PATHS = "$(inherited) @executable_path/Frameworks";
				PRODUCT_BUNDLE_IDENTIFIER = "com.SamuelK.-1027-CollectionView";
				PRODUCT_NAME = "$(TARGET_NAME)";
				SWIFT_VERSION = 4.0;
				TARGETED_DEVICE_FAMILY = "1,2";
			};
			name = Release;
		};
/* End XCBuildConfiguration section */

/* Begin XCConfigurationList section */
		FCEC633A1FA2C13500C26C0B /* Build configuration list for PBXProject "(1027)CollectionView" */ = {
			isa = XCConfigurationList;
			buildConfigurations = (
				FCEC634F1FA2C13500C26C0B /* Debug */,
				FCEC63501FA2C13500C26C0B /* Release */,
			);
			defaultConfigurationIsVisible = 0;
			defaultConfigurationName = Release;
		};
		FCEC63511FA2C13500C26C0B /* Build configuration list for PBXNativeTarget "(1027)CollectionView" */ = {
			isa = XCConfigurationList;
			buildConfigurations = (
				FCEC63521FA2C13500C26C0B /* Debug */,
				FCEC63531FA2C13500C26C0B /* Release */,
			);
			defaultConfigurationIsVisible = 0;
			defaultConfigurationName = Release;
		};
/* End XCConfigurationList section */
	};
	rootObject = FCEC63371FA2C13500C26C0B /* Project object */;
}
